Microsoft Visual Studio Solution File, Format Version 12.00
# Visual Studio 14
VisualStudioVersion = 14.0.25420.1
MinimumVisualStudioVersion = 10.0.40219.1
Project("{8BC9CEB8-8B4A-11D0-8D11-00A0C91BC942}") = "TwoSum", "TwoSum\TwoSum.vcxproj", "{794D30C1-C71D-4FA6-9AF2-664022542510}"
EndProject
Project("{8BC9CEB8-8B4A-11D0-8D11-00A0C91BC942}") = "Combinations", "Combinations\Combinations.vcxproj", "{2FB97EDC-5AA7-4200-8A20-A50BEE90C2AE}"
EndProject
Project("{8BC9CEB8-8B4A-11D0-8D11-00A0C91BC942}") = "Add Two Number", "Add Two Number\Add Two Number.vcxproj", "{CF8EA823-9106-4CED-985A-B6C5237824D9}"
EndProject
Project("{8BC9CEB8-8B4A-11D0-8D11-00A0C91BC942}") = "Longest Substring Without Repeating Characters", "Longest Substring Without Repeating Characters\Longest Substring Without Repeating Characters.vcxproj", "{63F28CCD-DA1F-4E89-BE72-8CB95AA34AF8}"
EndProject
Project("{8BC9CEB8-8B4A-11D0-8D11-00A0C91BC942}") = "Longest Palindromic Substring", "Longest Palindromic Substring\Longest Palindromic Substring.vcxproj", "{ECB15A6D-F4CC-486E-A3A7-5819BD60CE18}"
EndProject
Project("{8BC9CEB8-8B4A-11D0-8D11-00A0C91BC942}") = "ZigZag Conversion", "ZigZag Conversion\ZigZag Conversion.vcxproj", "{42A892BB-5137-45F0-AC0C-C592C41EACBC}"
EndProject
Project("{8BC9CEB8-8B4A-11D0-8D11-00A0C91BC942}") = "Reverse Integer", "Reverse Integer\Reverse Integer.vcxproj", "{7CC9C920-C7BC-4673-AF3F-F83AABB2F332}"
EndProject
Project("{8BC9CEB8-8B4A-11D0-8D11-00A0C91BC942}") = "String to Integer", "String to Integer\String to Integer.vcxproj", "{3A494C74-8E01-4C46-9ACD-C5ADD5839600}"
EndProject
Project("{8BC9CEB8-8B4A-11D0-8D11-00A0C91BC942}") = "Palindrome Number", "Palindrome Number\Palindrome Number.vcxproj", "{3EB1934D-25E8-4EEB-934C-E45EF7B27A20}"
EndProject
Project("{8BC9CEB8-8B4A-11D0-8D11-00A0C91BC942}") = "Regular Expression Matching", "Regular Expression Matching\Regular Expression Matching.vcxproj", "{60A53ADB-8199-499D-A728-6BAD653810D7}"
EndProject
Project("{8BC9CEB8-8B4A-11D0-8D11-00A0C91BC942}") = "Container With Most Water", "Container With Most Water\Container With Most Water.vcxproj", "{B12677DC-3B96-457F-8EED-BC5541F381F5}"
EndProject
Project("{8BC9CEB8-8B4A-11D0-8D11-00A0C91BC942}") = "Integer to Roman", "Integer to Roman\Integer to Roman.vcxproj", "{DF5ED417-18FE-471E-964D-12B6EA739B09}"
EndProject
Project("{8BC9CEB8-8B4A-11D0-8D11-00A0C91BC942}") = "Roman to Integer", "Roman to Integer\Roman to Integer.vcxproj", "{FF34BF4D-2B7F-46C0-879A-7F7808E7D29C}"
EndProject
Project("{8BC9CEB8-8B4A-11D0-8D11-00A0C91BC942}") = "3Sum", "3Sum\3Sum.vcxproj", "{9D2270D1-A55D-4828-893A-8E422A01505A}"
EndProject
Project("{8BC9CEB8-8B4A-11D0-8D11-00A0C91BC942}") = "3Sum Closest", "3Sum Closest\3Sum Closest.vcxproj", "{B16C168C-B04A-4BEA-B010-2A98B5548983}"
EndProject
Project("{8BC9CEB8-8B4A-11D0-8D11-00A0C91BC942}") = "Letter Combinations of a Phone Number", "Letter Combinations of a Phone Number\Letter Combinations of a Phone Number.vcxproj", "{E06EF728-4E38-4954-A2C4-AC303E868BD5}"
EndProject
Project("{8BC9CEB8-8B4A-11D0-8D11-00A0C91BC942}") = "4Sum", "4Sum\4Sum.vcxproj", "{9EEFB99F-3582-4428-8AE4-CA5991136681}"
EndProject
Project("{8BC9CEB8-8B4A-11D0-8D11-00A0C91BC942}") = "Remove Nth Node From End of List", "Remove Nth Node From End of List\Remove Nth Node From End of List.vcxproj", "{34DBFB3F-4D9B-4401-9D67-B5C02BDF58B2}"
EndProject
Project("{8BC9CEB8-8B4A-11D0-8D11-00A0C91BC942}") = "Merge Two Sorted Lists", "Merge Two Sorted Lists\Merge Two Sorted Lists.vcxproj", "{15ABA508-7699-482E-8B61-1B06FF48008A}"
EndProject
Project("{8BC9CEB8-8B4A-11D0-8D11-00A0C91BC942}") = "Generate Parentheses", "Generate Parentheses\Generate Parentheses.vcxproj", "{BB5B9139-AE48-475E-ADE6-AC5B9B455BAC}"
EndProject
Project("{8BC9CEB8-8B4A-11D0-8D11-00A0C91BC942}") = "Valid Parentheses", "Valid Parentheses\Valid Parentheses.vcxproj", "{19B65565-6927-4BE1-93FF-BD1D281C6784}"
EndProject
Project("{8BC9CEB8-8B4A-11D0-8D11-00A0C91BC942}") = "Merge k Sorted Lists", "Merge k Sorted Lists\Merge k Sorted Lists.vcxproj", "{4445A1E3-DBF2-4BDB-82CD-38F182C2A95E}"
EndProject
Project("{8BC9CEB8-8B4A-11D0-8D11-00A0C91BC942}") = "Swap Nodes in Pairs", "Swap Nodes in Pairs\Swap Nodes in Pairs.vcxproj", "{B11A5A43-3603-41C6-99D2-A4960501E05B}"
EndProject
Project("{8BC9CEB8-8B4A-11D0-8D11-00A0C91BC942}") = "Reverse Nodes in k-Group", "Reverse Nodes in k-Group\Reverse Nodes in k-Group.vcxproj", "{95CCAEC4-F882-4BEC-B51F-12A7CF8CA356}"
EndProject
Project("{8BC9CEB8-8B4A-11D0-8D11-00A0C91BC942}") = "Remove Duplicates from Sorted Array", "Remove Duplicates from Sorted Array\Remove Duplicates from Sorted Array.vcxproj", "{E8AD73F5-1501-4721-9B59-A3204E99D996}"
EndProject
Project("{8BC9CEB8-8B4A-11D0-8D11-00A0C91BC942}") = "Remove Element", "Remove Element\Remove Element.vcxproj", "{F3FE7F3D-15CC-4942-BEAF-83E3F3C1C0D3}"
EndProject
Project("{8BC9CEB8-8B4A-11D0-8D11-00A0C91BC942}") = "Implement strStr()", "Implement strStr()\Implement strStr().vcxproj", "{AF2F2DBE-A9F1-438A-9F02-46876C726D57}"
EndProject
Project("{8BC9CEB8-8B4A-11D0-8D11-00A0C91BC942}") = "Divide Two Integers", "Divide Two Integers\Divide Two Integers.vcxproj", "{4D5344C6-6259-4CEF-9774-FB1A16E49107}"
EndProject
Project("{8BC9CEB8-8B4A-11D0-8D11-00A0C91BC942}") = "Substring with Concatenation of All Words", "Substring with Concatenation of All Words\Substring with Concatenation of All Words.vcxproj", "{CF115F41-082B-4611-B493-D72C37AD9DF7}"
EndProject
Project("{8BC9CEB8-8B4A-11D0-8D11-00A0C91BC942}") = "Next Permutation", "Next Permutation\Next Permutation.vcxproj", "{336D2997-EF65-4843-AA24-1D5EA3F0E712}"
EndProject
Project("{8BC9CEB8-8B4A-11D0-8D11-00A0C91BC942}") = "Longest Valid Parentheses", "Longest Valid Parentheses\Longest Valid Parentheses.vcxproj", "{7B611A9B-00FB-4D39-AD10-492278B5BE71}"
EndProject
Project("{8BC9CEB8-8B4A-11D0-8D11-00A0C91BC942}") = "Search in Rotated Sorted Array", "Search in Rotated Sorted Array\Search in Rotated Sorted Array.vcxproj", "{143A0219-D29A-45AD-A154-08FECBE4A981}"
EndProject
Project("{8BC9CEB8-8B4A-11D0-8D11-00A0C91BC942}") = "Search for a Range", "Search for a Range\Search for a Range.vcxproj", "{1BFBAB49-BDDB-4A7B-A0B0-DF568A5630D0}"
EndProject
Project("{8BC9CEB8-8B4A-11D0-8D11-00A0C91BC942}") = "Search Insert Position", "Search Insert Position\Search Insert Position.vcxproj", "{022FCEF4-7169-484E-82B8-2354CB2A8B59}"
EndProject
Project("{8BC9CEB8-8B4A-11D0-8D11-00A0C91BC942}") = "Valid Sudoku", "Valid Sudoku\Valid Sudoku.vcxproj", "{CBF5294A-0E4B-4615-B323-6E2EB295057E}"
EndProject
Project("{8BC9CEB8-8B4A-11D0-8D11-00A0C91BC942}") = "Sudoku Solver", "Sudoku Solver\Sudoku Solver.vcxproj", "{5504C9F5-774F-4A85-80C2-DEF35FF14C73}"
EndProject
Project("{8BC9CEB8-8B4A-11D0-8D11-00A0C91BC942}") = "Count and Say", "Count and Say\Count and Say.vcxproj", "{7FA57F85-D785-4D0B-877D-FA9002399AD7}"
EndProject
Project("{8BC9CEB8-8B4A-11D0-8D11-00A0C91BC942}") = "Combination Sum", "Combination Sum\Combination Sum.vcxproj", "{AF6C4CDB-D14E-48B9-B563-0CE432C7C3C2}"
EndProject
Project("{8BC9CEB8-8B4A-11D0-8D11-00A0C91BC942}") = "Combination Sum II", "Combination Sum II\Combination Sum II.vcxproj", "{18C06C7C-E2C8-49CB-8163-59D91B18C5BF}"
EndProject
Project("{8BC9CEB8-8B4A-11D0-8D11-00A0C91BC942}") = "First Missing Positive", "First Missing Positive\First Missing Positive.vcxproj", "{54FAC274-DCA0-4A3E-A8AF-1DE0CFCFB533}"
EndProject
Project("{8BC9CEB8-8B4A-11D0-8D11-00A0C91BC942}") = "Trapping Rain Water", "Trapping Rain Water\Trapping Rain Water.vcxproj", "{95C08E39-359D-4E0F-AC2C-B0BAEFA9FCF4}"
EndProject
Project("{8BC9CEB8-8B4A-11D0-8D11-00A0C91BC942}") = "Wildcard Matching", "Wildcard Matching\Wildcard Matching.vcxproj", "{64A01566-6334-4422-A7F4-1F64D846D632}"
EndProject
Global
	GlobalSection(SolutionConfigurationPlatforms) = preSolution
		Debug|x64 = Debug|x64
		Debug|x86 = Debug|x86
		Release|x64 = Release|x64
		Release|x86 = Release|x86
	EndGlobalSection
	GlobalSection(ProjectConfigurationPlatforms) = postSolution
		{794D30C1-C71D-4FA6-9AF2-664022542510}.Debug|x64.ActiveCfg = Debug|x64
		{794D30C1-C71D-4FA6-9AF2-664022542510}.Debug|x64.Build.0 = Debug|x64
		{794D30C1-C71D-4FA6-9AF2-664022542510}.Debug|x86.ActiveCfg = Debug|Win32
		{794D30C1-C71D-4FA6-9AF2-664022542510}.Debug|x86.Build.0 = Debug|Win32
		{794D30C1-C71D-4FA6-9AF2-664022542510}.Release|x64.ActiveCfg = Release|x64
		{794D30C1-C71D-4FA6-9AF2-664022542510}.Release|x64.Build.0 = Release|x64
		{794D30C1-C71D-4FA6-9AF2-664022542510}.Release|x86.ActiveCfg = Release|Win32
		{794D30C1-C71D-4FA6-9AF2-664022542510}.Release|x86.Build.0 = Release|Win32
		{2FB97EDC-5AA7-4200-8A20-A50BEE90C2AE}.Debug|x64.ActiveCfg = Debug|x64
		{2FB97EDC-5AA7-4200-8A20-A50BEE90C2AE}.Debug|x64.Build.0 = Debug|x64
		{2FB97EDC-5AA7-4200-8A20-A50BEE90C2AE}.Debug|x86.ActiveCfg = Debug|Win32
		{2FB97EDC-5AA7-4200-8A20-A50BEE90C2AE}.Debug|x86.Build.0 = Debug|Win32
		{2FB97EDC-5AA7-4200-8A20-A50BEE90C2AE}.Release|x64.ActiveCfg = Release|x64
		{2FB97EDC-5AA7-4200-8A20-A50BEE90C2AE}.Release|x64.Build.0 = Release|x64
		{2FB97EDC-5AA7-4200-8A20-A50BEE90C2AE}.Release|x86.ActiveCfg = Release|Win32
		{2FB97EDC-5AA7-4200-8A20-A50BEE90C2AE}.Release|x86.Build.0 = Release|Win32
		{CF8EA823-9106-4CED-985A-B6C5237824D9}.Debug|x64.ActiveCfg = Debug|x64
		{CF8EA823-9106-4CED-985A-B6C5237824D9}.Debug|x64.Build.0 = Debug|x64
		{CF8EA823-9106-4CED-985A-B6C5237824D9}.Debug|x86.ActiveCfg = Debug|Win32
		{CF8EA823-9106-4CED-985A-B6C5237824D9}.Debug|x86.Build.0 = Debug|Win32
		{CF8EA823-9106-4CED-985A-B6C5237824D9}.Release|x64.ActiveCfg = Release|x64
		{CF8EA823-9106-4CED-985A-B6C5237824D9}.Release|x64.Build.0 = Release|x64
		{CF8EA823-9106-4CED-985A-B6C5237824D9}.Release|x86.ActiveCfg = Release|Win32
		{CF8EA823-9106-4CED-985A-B6C5237824D9}.Release|x86.Build.0 = Release|Win32
		{63F28CCD-DA1F-4E89-BE72-8CB95AA34AF8}.Debug|x64.ActiveCfg = Debug|x64
		{63F28CCD-DA1F-4E89-BE72-8CB95AA34AF8}.Debug|x64.Build.0 = Debug|x64
		{63F28CCD-DA1F-4E89-BE72-8CB95AA34AF8}.Debug|x86.ActiveCfg = Debug|Win32
		{63F28CCD-DA1F-4E89-BE72-8CB95AA34AF8}.Debug|x86.Build.0 = Debug|Win32
		{63F28CCD-DA1F-4E89-BE72-8CB95AA34AF8}.Release|x64.ActiveCfg = Release|x64
		{63F28CCD-DA1F-4E89-BE72-8CB95AA34AF8}.Release|x64.Build.0 = Release|x64
		{63F28CCD-DA1F-4E89-BE72-8CB95AA34AF8}.Release|x86.ActiveCfg = Release|Win32
		{63F28CCD-DA1F-4E89-BE72-8CB95AA34AF8}.Release|x86.Build.0 = Release|Win32
		{ECB15A6D-F4CC-486E-A3A7-5819BD60CE18}.Debug|x64.ActiveCfg = Debug|x64
		{ECB15A6D-F4CC-486E-A3A7-5819BD60CE18}.Debug|x64.Build.0 = Debug|x64
		{ECB15A6D-F4CC-486E-A3A7-5819BD60CE18}.Debug|x86.ActiveCfg = Debug|Win32
		{ECB15A6D-F4CC-486E-A3A7-5819BD60CE18}.Debug|x86.Build.0 = Debug|Win32
		{ECB15A6D-F4CC-486E-A3A7-5819BD60CE18}.Release|x64.ActiveCfg = Release|x64
		{ECB15A6D-F4CC-486E-A3A7-5819BD60CE18}.Release|x64.Build.0 = Release|x64
		{ECB15A6D-F4CC-486E-A3A7-5819BD60CE18}.Release|x86.ActiveCfg = Release|Win32
		{ECB15A6D-F4CC-486E-A3A7-5819BD60CE18}.Release|x86.Build.0 = Release|Win32
		{42A892BB-5137-45F0-AC0C-C592C41EACBC}.Debug|x64.ActiveCfg = Debug|x64
		{42A892BB-5137-45F0-AC0C-C592C41EACBC}.Debug|x64.Build.0 = Debug|x64
		{42A892BB-5137-45F0-AC0C-C592C41EACBC}.Debug|x86.ActiveCfg = Debug|Win32
		{42A892BB-5137-45F0-AC0C-C592C41EACBC}.Debug|x86.Build.0 = Debug|Win32
		{42A892BB-5137-45F0-AC0C-C592C41EACBC}.Release|x64.ActiveCfg = Release|x64
		{42A892BB-5137-45F0-AC0C-C592C41EACBC}.Release|x64.Build.0 = Release|x64
		{42A892BB-5137-45F0-AC0C-C592C41EACBC}.Release|x86.ActiveCfg = Release|Win32
		{42A892BB-5137-45F0-AC0C-C592C41EACBC}.Release|x86.Build.0 = Release|Win32
		{7CC9C920-C7BC-4673-AF3F-F83AABB2F332}.Debug|x64.ActiveCfg = Debug|x64
		{7CC9C920-C7BC-4673-AF3F-F83AABB2F332}.Debug|x64.Build.0 = Debug|x64
		{7CC9C920-C7BC-4673-AF3F-F83AABB2F332}.Debug|x86.ActiveCfg = Debug|Win32
		{7CC9C920-C7BC-4673-AF3F-F83AABB2F332}.Debug|x86.Build.0 = Debug|Win32
		{7CC9C920-C7BC-4673-AF3F-F83AABB2F332}.Release|x64.ActiveCfg = Release|x64
		{7CC9C920-C7BC-4673-AF3F-F83AABB2F332}.Release|x64.Build.0 = Release|x64
		{7CC9C920-C7BC-4673-AF3F-F83AABB2F332}.Release|x86.ActiveCfg = Release|Win32
		{7CC9C920-C7BC-4673-AF3F-F83AABB2F332}.Release|x86.Build.0 = Release|Win32
		{3A494C74-8E01-4C46-9ACD-C5ADD5839600}.Debug|x64.ActiveCfg = Debug|x64
		{3A494C74-8E01-4C46-9ACD-C5ADD5839600}.Debug|x64.Build.0 = Debug|x64
		{3A494C74-8E01-4C46-9ACD-C5ADD5839600}.Debug|x86.ActiveCfg = Debug|Win32
		{3A494C74-8E01-4C46-9ACD-C5ADD5839600}.Debug|x86.Build.0 = Debug|Win32
		{3A494C74-8E01-4C46-9ACD-C5ADD5839600}.Release|x64.ActiveCfg = Release|x64
		{3A494C74-8E01-4C46-9ACD-C5ADD5839600}.Release|x64.Build.0 = Release|x64
		{3A494C74-8E01-4C46-9ACD-C5ADD5839600}.Release|x86.ActiveCfg = Release|Win32
		{3A494C74-8E01-4C46-9ACD-C5ADD5839600}.Release|x86.Build.0 = Release|Win32
		{3EB1934D-25E8-4EEB-934C-E45EF7B27A20}.Debug|x64.ActiveCfg = Debug|x64
		{3EB1934D-25E8-4EEB-934C-E45EF7B27A20}.Debug|x64.Build.0 = Debug|x64
		{3EB1934D-25E8-4EEB-934C-E45EF7B27A20}.Debug|x86.ActiveCfg = Debug|Win32
		{3EB1934D-25E8-4EEB-934C-E45EF7B27A20}.Debug|x86.Build.0 = Debug|Win32
		{3EB1934D-25E8-4EEB-934C-E45EF7B27A20}.Release|x64.ActiveCfg = Release|x64
		{3EB1934D-25E8-4EEB-934C-E45EF7B27A20}.Release|x64.Build.0 = Release|x64
		{3EB1934D-25E8-4EEB-934C-E45EF7B27A20}.Release|x86.ActiveCfg = Release|Win32
		{3EB1934D-25E8-4EEB-934C-E45EF7B27A20}.Release|x86.Build.0 = Release|Win32
		{60A53ADB-8199-499D-A728-6BAD653810D7}.Debug|x64.ActiveCfg = Debug|x64
		{60A53ADB-8199-499D-A728-6BAD653810D7}.Debug|x64.Build.0 = Debug|x64
		{60A53ADB-8199-499D-A728-6BAD653810D7}.Debug|x86.ActiveCfg = Debug|Win32
		{60A53ADB-8199-499D-A728-6BAD653810D7}.Debug|x86.Build.0 = Debug|Win32
		{60A53ADB-8199-499D-A728-6BAD653810D7}.Release|x64.ActiveCfg = Release|x64
		{60A53ADB-8199-499D-A728-6BAD653810D7}.Release|x64.Build.0 = Release|x64
		{60A53ADB-8199-499D-A728-6BAD653810D7}.Release|x86.ActiveCfg = Release|Win32
		{60A53ADB-8199-499D-A728-6BAD653810D7}.Release|x86.Build.0 = Release|Win32
		{B12677DC-3B96-457F-8EED-BC5541F381F5}.Debug|x64.ActiveCfg = Debug|x64
		{B12677DC-3B96-457F-8EED-BC5541F381F5}.Debug|x64.Build.0 = Debug|x64
		{B12677DC-3B96-457F-8EED-BC5541F381F5}.Debug|x86.ActiveCfg = Debug|Win32
		{B12677DC-3B96-457F-8EED-BC5541F381F5}.Debug|x86.Build.0 = Debug|Win32
		{B12677DC-3B96-457F-8EED-BC5541F381F5}.Release|x64.ActiveCfg = Release|x64
		{B12677DC-3B96-457F-8EED-BC5541F381F5}.Release|x64.Build.0 = Release|x64
		{B12677DC-3B96-457F-8EED-BC5541F381F5}.Release|x86.ActiveCfg = Release|Win32
		{B12677DC-3B96-457F-8EED-BC5541F381F5}.Release|x86.Build.0 = Release|Win32
		{DF5ED417-18FE-471E-964D-12B6EA739B09}.Debug|x64.ActiveCfg = Debug|x64
		{DF5ED417-18FE-471E-964D-12B6EA739B09}.Debug|x64.Build.0 = Debug|x64
		{DF5ED417-18FE-471E-964D-12B6EA739B09}.Debug|x86.ActiveCfg = Debug|Win32
		{DF5ED417-18FE-471E-964D-12B6EA739B09}.Debug|x86.Build.0 = Debug|Win32
		{DF5ED417-18FE-471E-964D-12B6EA739B09}.Release|x64.ActiveCfg = Release|x64
		{DF5ED417-18FE-471E-964D-12B6EA739B09}.Release|x64.Build.0 = Release|x64
		{DF5ED417-18FE-471E-964D-12B6EA739B09}.Release|x86.ActiveCfg = Release|Win32
		{DF5ED417-18FE-471E-964D-12B6EA739B09}.Release|x86.Build.0 = Release|Win32
		{FF34BF4D-2B7F-46C0-879A-7F7808E7D29C}.Debug|x64.ActiveCfg = Debug|x64
		{FF34BF4D-2B7F-46C0-879A-7F7808E7D29C}.Debug|x64.Build.0 = Debug|x64
		{FF34BF4D-2B7F-46C0-879A-7F7808E7D29C}.Debug|x86.ActiveCfg = Debug|Win32
		{FF34BF4D-2B7F-46C0-879A-7F7808E7D29C}.Debug|x86.Build.0 = Debug|Win32
		{FF34BF4D-2B7F-46C0-879A-7F7808E7D29C}.Release|x64.ActiveCfg = Release|x64
		{FF34BF4D-2B7F-46C0-879A-7F7808E7D29C}.Release|x64.Build.0 = Release|x64
		{FF34BF4D-2B7F-46C0-879A-7F7808E7D29C}.Release|x86.ActiveCfg = Release|Win32
		{FF34BF4D-2B7F-46C0-879A-7F7808E7D29C}.Release|x86.Build.0 = Release|Win32
		{9D2270D1-A55D-4828-893A-8E422A01505A}.Debug|x64.ActiveCfg = Debug|x64
		{9D2270D1-A55D-4828-893A-8E422A01505A}.Debug|x64.Build.0 = Debug|x64
		{9D2270D1-A55D-4828-893A-8E422A01505A}.Debug|x86.ActiveCfg = Debug|Win32
		{9D2270D1-A55D-4828-893A-8E422A01505A}.Debug|x86.Build.0 = Debug|Win32
		{9D2270D1-A55D-4828-893A-8E422A01505A}.Release|x64.ActiveCfg = Release|x64
		{9D2270D1-A55D-4828-893A-8E422A01505A}.Release|x64.Build.0 = Release|x64
		{9D2270D1-A55D-4828-893A-8E422A01505A}.Release|x86.ActiveCfg = Release|Win32
		{9D2270D1-A55D-4828-893A-8E422A01505A}.Release|x86.Build.0 = Release|Win32
		{B16C168C-B04A-4BEA-B010-2A98B5548983}.Debug|x64.ActiveCfg = Debug|x64
		{B16C168C-B04A-4BEA-B010-2A98B5548983}.Debug|x64.Build.0 = Debug|x64
		{B16C168C-B04A-4BEA-B010-2A98B5548983}.Debug|x86.ActiveCfg = Debug|Win32
		{B16C168C-B04A-4BEA-B010-2A98B5548983}.Debug|x86.Build.0 = Debug|Win32
		{B16C168C-B04A-4BEA-B010-2A98B5548983}.Release|x64.ActiveCfg = Release|x64
		{B16C168C-B04A-4BEA-B010-2A98B5548983}.Release|x64.Build.0 = Release|x64
		{B16C168C-B04A-4BEA-B010-2A98B5548983}.Release|x86.ActiveCfg = Release|Win32
		{B16C168C-B04A-4BEA-B010-2A98B5548983}.Release|x86.Build.0 = Release|Win32
		{E06EF728-4E38-4954-A2C4-AC303E868BD5}.Debug|x64.ActiveCfg = Debug|x64
		{E06EF728-4E38-4954-A2C4-AC303E868BD5}.Debug|x64.Build.0 = Debug|x64
		{E06EF728-4E38-4954-A2C4-AC303E868BD5}.Debug|x86.ActiveCfg = Debug|Win32
		{E06EF728-4E38-4954-A2C4-AC303E868BD5}.Debug|x86.Build.0 = Debug|Win32
		{E06EF728-4E38-4954-A2C4-AC303E868BD5}.Release|x64.ActiveCfg = Release|x64
		{E06EF728-4E38-4954-A2C4-AC303E868BD5}.Release|x64.Build.0 = Release|x64
		{E06EF728-4E38-4954-A2C4-AC303E868BD5}.Release|x86.ActiveCfg = Release|Win32
		{E06EF728-4E38-4954-A2C4-AC303E868BD5}.Release|x86.Build.0 = Release|Win32
		{9EEFB99F-3582-4428-8AE4-CA5991136681}.Debug|x64.ActiveCfg = Debug|x64
		{9EEFB99F-3582-4428-8AE4-CA5991136681}.Debug|x64.Build.0 = Debug|x64
		{9EEFB99F-3582-4428-8AE4-CA5991136681}.Debug|x86.ActiveCfg = Debug|Win32
		{9EEFB99F-3582-4428-8AE4-CA5991136681}.Debug|x86.Build.0 = Debug|Win32
		{9EEFB99F-3582-4428-8AE4-CA5991136681}.Release|x64.ActiveCfg = Release|x64
		{9EEFB99F-3582-4428-8AE4-CA5991136681}.Release|x64.Build.0 = Release|x64
		{9EEFB99F-3582-4428-8AE4-CA5991136681}.Release|x86.ActiveCfg = Release|Win32
		{9EEFB99F-3582-4428-8AE4-CA5991136681}.Release|x86.Build.0 = Release|Win32
		{34DBFB3F-4D9B-4401-9D67-B5C02BDF58B2}.Debug|x64.ActiveCfg = Debug|x64
		{34DBFB3F-4D9B-4401-9D67-B5C02BDF58B2}.Debug|x64.Build.0 = Debug|x64
		{34DBFB3F-4D9B-4401-9D67-B5C02BDF58B2}.Debug|x86.ActiveCfg = Debug|Win32
		{34DBFB3F-4D9B-4401-9D67-B5C02BDF58B2}.Debug|x86.Build.0 = Debug|Win32
		{34DBFB3F-4D9B-4401-9D67-B5C02BDF58B2}.Release|x64.ActiveCfg = Release|x64
		{34DBFB3F-4D9B-4401-9D67-B5C02BDF58B2}.Release|x64.Build.0 = Release|x64
		{34DBFB3F-4D9B-4401-9D67-B5C02BDF58B2}.Release|x86.ActiveCfg = Release|Win32
		{34DBFB3F-4D9B-4401-9D67-B5C02BDF58B2}.Release|x86.Build.0 = Release|Win32
		{15ABA508-7699-482E-8B61-1B06FF48008A}.Debug|x64.ActiveCfg = Debug|x64
		{15ABA508-7699-482E-8B61-1B06FF48008A}.Debug|x64.Build.0 = Debug|x64
		{15ABA508-7699-482E-8B61-1B06FF48008A}.Debug|x86.ActiveCfg = Debug|Win32
		{15ABA508-7699-482E-8B61-1B06FF48008A}.Debug|x86.Build.0 = Debug|Win32
		{15ABA508-7699-482E-8B61-1B06FF48008A}.Release|x64.ActiveCfg = Release|x64
		{15ABA508-7699-482E-8B61-1B06FF48008A}.Release|x64.Build.0 = Release|x64
		{15ABA508-7699-482E-8B61-1B06FF48008A}.Release|x86.ActiveCfg = Release|Win32
		{15ABA508-7699-482E-8B61-1B06FF48008A}.Release|x86.Build.0 = Release|Win32
		{BB5B9139-AE48-475E-ADE6-AC5B9B455BAC}.Debug|x64.ActiveCfg = Debug|x64
		{BB5B9139-AE48-475E-ADE6-AC5B9B455BAC}.Debug|x64.Build.0 = Debug|x64
		{BB5B9139-AE48-475E-ADE6-AC5B9B455BAC}.Debug|x86.ActiveCfg = Debug|Win32
		{BB5B9139-AE48-475E-ADE6-AC5B9B455BAC}.Debug|x86.Build.0 = Debug|Win32
		{BB5B9139-AE48-475E-ADE6-AC5B9B455BAC}.Release|x64.ActiveCfg = Release|x64
		{BB5B9139-AE48-475E-ADE6-AC5B9B455BAC}.Release|x64.Build.0 = Release|x64
		{BB5B9139-AE48-475E-ADE6-AC5B9B455BAC}.Release|x86.ActiveCfg = Release|Win32
		{BB5B9139-AE48-475E-ADE6-AC5B9B455BAC}.Release|x86.Build.0 = Release|Win32
		{19B65565-6927-4BE1-93FF-BD1D281C6784}.Debug|x64.ActiveCfg = Debug|x64
		{19B65565-6927-4BE1-93FF-BD1D281C6784}.Debug|x64.Build.0 = Debug|x64
		{19B65565-6927-4BE1-93FF-BD1D281C6784}.Debug|x86.ActiveCfg = Debug|Win32
		{19B65565-6927-4BE1-93FF-BD1D281C6784}.Debug|x86.Build.0 = Debug|Win32
		{19B65565-6927-4BE1-93FF-BD1D281C6784}.Release|x64.ActiveCfg = Release|x64
		{19B65565-6927-4BE1-93FF-BD1D281C6784}.Release|x64.Build.0 = Release|x64
		{19B65565-6927-4BE1-93FF-BD1D281C6784}.Release|x86.ActiveCfg = Release|Win32
		{19B65565-6927-4BE1-93FF-BD1D281C6784}.Release|x86.Build.0 = Release|Win32
		{4445A1E3-DBF2-4BDB-82CD-38F182C2A95E}.Debug|x64.ActiveCfg = Debug|x64
		{4445A1E3-DBF2-4BDB-82CD-38F182C2A95E}.Debug|x64.Build.0 = Debug|x64
		{4445A1E3-DBF2-4BDB-82CD-38F182C2A95E}.Debug|x86.ActiveCfg = Debug|Win32
		{4445A1E3-DBF2-4BDB-82CD-38F182C2A95E}.Debug|x86.Build.0 = Debug|Win32
		{4445A1E3-DBF2-4BDB-82CD-38F182C2A95E}.Release|x64.ActiveCfg = Release|x64
		{4445A1E3-DBF2-4BDB-82CD-38F182C2A95E}.Release|x64.Build.0 = Release|x64
		{4445A1E3-DBF2-4BDB-82CD-38F182C2A95E}.Release|x86.ActiveCfg = Release|Win32
		{4445A1E3-DBF2-4BDB-82CD-38F182C2A95E}.Release|x86.Build.0 = Release|Win32
		{B11A5A43-3603-41C6-99D2-A4960501E05B}.Debug|x64.ActiveCfg = Debug|x64
		{B11A5A43-3603-41C6-99D2-A4960501E05B}.Debug|x64.Build.0 = Debug|x64
		{B11A5A43-3603-41C6-99D2-A4960501E05B}.Debug|x86.ActiveCfg = Debug|Win32
		{B11A5A43-3603-41C6-99D2-A4960501E05B}.Debug|x86.Build.0 = Debug|Win32
		{B11A5A43-3603-41C6-99D2-A4960501E05B}.Release|x64.ActiveCfg = Release|x64
		{B11A5A43-3603-41C6-99D2-A4960501E05B}.Release|x64.Build.0 = Release|x64
		{B11A5A43-3603-41C6-99D2-A4960501E05B}.Release|x86.ActiveCfg = Release|Win32
		{B11A5A43-3603-41C6-99D2-A4960501E05B}.Release|x86.Build.0 = Release|Win32
		{95CCAEC4-F882-4BEC-B51F-12A7CF8CA356}.Debug|x64.ActiveCfg = Debug|x64
		{95CCAEC4-F882-4BEC-B51F-12A7CF8CA356}.Debug|x64.Build.0 = Debug|x64
		{95CCAEC4-F882-4BEC-B51F-12A7CF8CA356}.Debug|x86.ActiveCfg = Debug|Win32
		{95CCAEC4-F882-4BEC-B51F-12A7CF8CA356}.Debug|x86.Build.0 = Debug|Win32
		{95CCAEC4-F882-4BEC-B51F-12A7CF8CA356}.Release|x64.ActiveCfg = Release|x64
		{95CCAEC4-F882-4BEC-B51F-12A7CF8CA356}.Release|x64.Build.0 = Release|x64
		{95CCAEC4-F882-4BEC-B51F-12A7CF8CA356}.Release|x86.ActiveCfg = Release|Win32
		{95CCAEC4-F882-4BEC-B51F-12A7CF8CA356}.Release|x86.Build.0 = Release|Win32
		{E8AD73F5-1501-4721-9B59-A3204E99D996}.Debug|x64.ActiveCfg = Debug|x64
		{E8AD73F5-1501-4721-9B59-A3204E99D996}.Debug|x64.Build.0 = Debug|x64
		{E8AD73F5-1501-4721-9B59-A3204E99D996}.Debug|x86.ActiveCfg = Debug|Win32
		{E8AD73F5-1501-4721-9B59-A3204E99D996}.Debug|x86.Build.0 = Debug|Win32
		{E8AD73F5-1501-4721-9B59-A3204E99D996}.Release|x64.ActiveCfg = Release|x64
		{E8AD73F5-1501-4721-9B59-A3204E99D996}.Release|x64.Build.0 = Release|x64
		{E8AD73F5-1501-4721-9B59-A3204E99D996}.Release|x86.ActiveCfg = Release|Win32
		{E8AD73F5-1501-4721-9B59-A3204E99D996}.Release|x86.Build.0 = Release|Win32
		{F3FE7F3D-15CC-4942-BEAF-83E3F3C1C0D3}.Debug|x64.ActiveCfg = Debug|x64
		{F3FE7F3D-15CC-4942-BEAF-83E3F3C1C0D3}.Debug|x64.Build.0 = Debug|x64
		{F3FE7F3D-15CC-4942-BEAF-83E3F3C1C0D3}.Debug|x86.ActiveCfg = Debug|Win32
		{F3FE7F3D-15CC-4942-BEAF-83E3F3C1C0D3}.Debug|x86.Build.0 = Debug|Win32
		{F3FE7F3D-15CC-4942-BEAF-83E3F3C1C0D3}.Release|x64.ActiveCfg = Release|x64
		{F3FE7F3D-15CC-4942-BEAF-83E3F3C1C0D3}.Release|x64.Build.0 = Release|x64
		{F3FE7F3D-15CC-4942-BEAF-83E3F3C1C0D3}.Release|x86.ActiveCfg = Release|Win32
		{F3FE7F3D-15CC-4942-BEAF-83E3F3C1C0D3}.Release|x86.Build.0 = Release|Win32
		{AF2F2DBE-A9F1-438A-9F02-46876C726D57}.Debug|x64.ActiveCfg = Debug|x64
		{AF2F2DBE-A9F1-438A-9F02-46876C726D57}.Debug|x64.Build.0 = Debug|x64
		{AF2F2DBE-A9F1-438A-9F02-46876C726D57}.Debug|x86.ActiveCfg = Debug|Win32
		{AF2F2DBE-A9F1-438A-9F02-46876C726D57}.Debug|x86.Build.0 = Debug|Win32
		{AF2F2DBE-A9F1-438A-9F02-46876C726D57}.Release|x64.ActiveCfg = Release|x64
		{AF2F2DBE-A9F1-438A-9F02-46876C726D57}.Release|x64.Build.0 = Release|x64
		{AF2F2DBE-A9F1-438A-9F02-46876C726D57}.Release|x86.ActiveCfg = Release|Win32
		{AF2F2DBE-A9F1-438A-9F02-46876C726D57}.Release|x86.Build.0 = Release|Win32
		{4D5344C6-6259-4CEF-9774-FB1A16E49107}.Debug|x64.ActiveCfg = Debug|x64
		{4D5344C6-6259-4CEF-9774-FB1A16E49107}.Debug|x64.Build.0 = Debug|x64
		{4D5344C6-6259-4CEF-9774-FB1A16E49107}.Debug|x86.ActiveCfg = Debug|Win32
		{4D5344C6-6259-4CEF-9774-FB1A16E49107}.Debug|x86.Build.0 = Debug|Win32
		{4D5344C6-6259-4CEF-9774-FB1A16E49107}.Release|x64.ActiveCfg = Release|x64
		{4D5344C6-6259-4CEF-9774-FB1A16E49107}.Release|x64.Build.0 = Release|x64
		{4D5344C6-6259-4CEF-9774-FB1A16E49107}.Release|x86.ActiveCfg = Release|Win32
		{4D5344C6-6259-4CEF-9774-FB1A16E49107}.Release|x86.Build.0 = Release|Win32
		{CF115F41-082B-4611-B493-D72C37AD9DF7}.Debug|x64.ActiveCfg = Debug|x64
		{CF115F41-082B-4611-B493-D72C37AD9DF7}.Debug|x64.Build.0 = Debug|x64
		{CF115F41-082B-4611-B493-D72C37AD9DF7}.Debug|x86.ActiveCfg = Debug|Win32
		{CF115F41-082B-4611-B493-D72C37AD9DF7}.Debug|x86.Build.0 = Debug|Win32
		{CF115F41-082B-4611-B493-D72C37AD9DF7}.Release|x64.ActiveCfg = Release|x64
		{CF115F41-082B-4611-B493-D72C37AD9DF7}.Release|x64.Build.0 = Release|x64
		{CF115F41-082B-4611-B493-D72C37AD9DF7}.Release|x86.ActiveCfg = Release|Win32
		{CF115F41-082B-4611-B493-D72C37AD9DF7}.Release|x86.Build.0 = Release|Win32
		{336D2997-EF65-4843-AA24-1D5EA3F0E712}.Debug|x64.ActiveCfg = Debug|x64
		{336D2997-EF65-4843-AA24-1D5EA3F0E712}.Debug|x64.Build.0 = Debug|x64
		{336D2997-EF65-4843-AA24-1D5EA3F0E712}.Debug|x86.ActiveCfg = Debug|Win32
		{336D2997-EF65-4843-AA24-1D5EA3F0E712}.Debug|x86.Build.0 = Debug|Win32
		{336D2997-EF65-4843-AA24-1D5EA3F0E712}.Release|x64.ActiveCfg = Release|x64
		{336D2997-EF65-4843-AA24-1D5EA3F0E712}.Release|x64.Build.0 = Release|x64
		{336D2997-EF65-4843-AA24-1D5EA3F0E712}.Release|x86.ActiveCfg = Release|Win32
		{336D2997-EF65-4843-AA24-1D5EA3F0E712}.Release|x86.Build.0 = Release|Win32
		{7B611A9B-00FB-4D39-AD10-492278B5BE71}.Debug|x64.ActiveCfg = Debug|x64
		{7B611A9B-00FB-4D39-AD10-492278B5BE71}.Debug|x64.Build.0 = Debug|x64
		{7B611A9B-00FB-4D39-AD10-492278B5BE71}.Debug|x86.ActiveCfg = Debug|Win32
		{7B611A9B-00FB-4D39-AD10-492278B5BE71}.Debug|x86.Build.0 = Debug|Win32
		{7B611A9B-00FB-4D39-AD10-492278B5BE71}.Release|x64.ActiveCfg = Release|x64
		{7B611A9B-00FB-4D39-AD10-492278B5BE71}.Release|x64.Build.0 = Release|x64
		{7B611A9B-00FB-4D39-AD10-492278B5BE71}.Release|x86.ActiveCfg = Release|Win32
		{7B611A9B-00FB-4D39-AD10-492278B5BE71}.Release|x86.Build.0 = Release|Win32
		{143A0219-D29A-45AD-A154-08FECBE4A981}.Debug|x64.ActiveCfg = Debug|x64
		{143A0219-D29A-45AD-A154-08FECBE4A981}.Debug|x64.Build.0 = Debug|x64
		{143A0219-D29A-45AD-A154-08FECBE4A981}.Debug|x86.ActiveCfg = Debug|Win32
		{143A0219-D29A-45AD-A154-08FECBE4A981}.Debug|x86.Build.0 = Debug|Win32
		{143A0219-D29A-45AD-A154-08FECBE4A981}.Release|x64.ActiveCfg = Release|x64
		{143A0219-D29A-45AD-A154-08FECBE4A981}.Release|x64.Build.0 = Release|x64
		{143A0219-D29A-45AD-A154-08FECBE4A981}.Release|x86.ActiveCfg = Release|Win32
		{143A0219-D29A-45AD-A154-08FECBE4A981}.Release|x86.Build.0 = Release|Win32
		{1BFBAB49-BDDB-4A7B-A0B0-DF568A5630D0}.Debug|x64.ActiveCfg = Debug|x64
		{1BFBAB49-BDDB-4A7B-A0B0-DF568A5630D0}.Debug|x64.Build.0 = Debug|x64
		{1BFBAB49-BDDB-4A7B-A0B0-DF568A5630D0}.Debug|x86.ActiveCfg = Debug|Win32
		{1BFBAB49-BDDB-4A7B-A0B0-DF568A5630D0}.Debug|x86.Build.0 = Debug|Win32
		{1BFBAB49-BDDB-4A7B-A0B0-DF568A5630D0}.Release|x64.ActiveCfg = Release|x64
		{1BFBAB49-BDDB-4A7B-A0B0-DF568A5630D0}.Release|x64.Build.0 = Release|x64
		{1BFBAB49-BDDB-4A7B-A0B0-DF568A5630D0}.Release|x86.ActiveCfg = Release|Win32
		{1BFBAB49-BDDB-4A7B-A0B0-DF568A5630D0}.Release|x86.Build.0 = Release|Win32
		{022FCEF4-7169-484E-82B8-2354CB2A8B59}.Debug|x64.ActiveCfg = Debug|x64
		{022FCEF4-7169-484E-82B8-2354CB2A8B59}.Debug|x64.Build.0 = Debug|x64
		{022FCEF4-7169-484E-82B8-2354CB2A8B59}.Debug|x86.ActiveCfg = Debug|Win32
		{022FCEF4-7169-484E-82B8-2354CB2A8B59}.Debug|x86.Build.0 = Debug|Win32
		{022FCEF4-7169-484E-82B8-2354CB2A8B59}.Release|x64.ActiveCfg = Release|x64
		{022FCEF4-7169-484E-82B8-2354CB2A8B59}.Release|x64.Build.0 = Release|x64
		{022FCEF4-7169-484E-82B8-2354CB2A8B59}.Release|x86.ActiveCfg = Release|Win32
		{022FCEF4-7169-484E-82B8-2354CB2A8B59}.Release|x86.Build.0 = Release|Win32
		{CBF5294A-0E4B-4615-B323-6E2EB295057E}.Debug|x64.ActiveCfg = Debug|x64
		{CBF5294A-0E4B-4615-B323-6E2EB295057E}.Debug|x64.Build.0 = Debug|x64
		{CBF5294A-0E4B-4615-B323-6E2EB295057E}.Debug|x86.ActiveCfg = Debug|Win32
		{CBF5294A-0E4B-4615-B323-6E2EB295057E}.Debug|x86.Build.0 = Debug|Win32
		{CBF5294A-0E4B-4615-B323-6E2EB295057E}.Release|x64.ActiveCfg = Release|x64
		{CBF5294A-0E4B-4615-B323-6E2EB295057E}.Release|x64.Build.0 = Release|x64
		{CBF5294A-0E4B-4615-B323-6E2EB295057E}.Release|x86.ActiveCfg = Release|Win32
		{CBF5294A-0E4B-4615-B323-6E2EB295057E}.Release|x86.Build.0 = Release|Win32
		{5504C9F5-774F-4A85-80C2-DEF35FF14C73}.Debug|x64.ActiveCfg = Debug|x64
		{5504C9F5-774F-4A85-80C2-DEF35FF14C73}.Debug|x64.Build.0 = Debug|x64
		{5504C9F5-774F-4A85-80C2-DEF35FF14C73}.Debug|x86.ActiveCfg = Debug|Win32
		{5504C9F5-774F-4A85-80C2-DEF35FF14C73}.Debug|x86.Build.0 = Debug|Win32
		{5504C9F5-774F-4A85-80C2-DEF35FF14C73}.Release|x64.ActiveCfg = Release|x64
		{5504C9F5-774F-4A85-80C2-DEF35FF14C73}.Release|x64.Build.0 = Release|x64
		{5504C9F5-774F-4A85-80C2-DEF35FF14C73}.Release|x86.ActiveCfg = Release|Win32
		{5504C9F5-774F-4A85-80C2-DEF35FF14C73}.Release|x86.Build.0 = Release|Win32
		{7FA57F85-D785-4D0B-877D-FA9002399AD7}.Debug|x64.ActiveCfg = Debug|x64
		{7FA57F85-D785-4D0B-877D-FA9002399AD7}.Debug|x64.Build.0 = Debug|x64
		{7FA57F85-D785-4D0B-877D-FA9002399AD7}.Debug|x86.ActiveCfg = Debug|Win32
		{7FA57F85-D785-4D0B-877D-FA9002399AD7}.Debug|x86.Build.0 = Debug|Win32
		{7FA57F85-D785-4D0B-877D-FA9002399AD7}.Release|x64.ActiveCfg = Release|x64
		{7FA57F85-D785-4D0B-877D-FA9002399AD7}.Release|x64.Build.0 = Release|x64
		{7FA57F85-D785-4D0B-877D-FA9002399AD7}.Release|x86.ActiveCfg = Release|Win32
		{7FA57F85-D785-4D0B-877D-FA9002399AD7}.Release|x86.Build.0 = Release|Win32
		{AF6C4CDB-D14E-48B9-B563-0CE432C7C3C2}.Debug|x64.ActiveCfg = Debug|x64
		{AF6C4CDB-D14E-48B9-B563-0CE432C7C3C2}.Debug|x64.Build.0 = Debug|x64
		{AF6C4CDB-D14E-48B9-B563-0CE432C7C3C2}.Debug|x86.ActiveCfg = Debug|Win32
		{AF6C4CDB-D14E-48B9-B563-0CE432C7C3C2}.Debug|x86.Build.0 = Debug|Win32
		{AF6C4CDB-D14E-48B9-B563-0CE432C7C3C2}.Release|x64.ActiveCfg = Release|x64
		{AF6C4CDB-D14E-48B9-B563-0CE432C7C3C2}.Release|x64.Build.0 = Release|x64
		{AF6C4CDB-D14E-48B9-B563-0CE432C7C3C2}.Release|x86.ActiveCfg = Release|Win32
		{AF6C4CDB-D14E-48B9-B563-0CE432C7C3C2}.Release|x86.Build.0 = Release|Win32
		{18C06C7C-E2C8-49CB-8163-59D91B18C5BF}.Debug|x64.ActiveCfg = Debug|x64
		{18C06C7C-E2C8-49CB-8163-59D91B18C5BF}.Debug|x64.Build.0 = Debug|x64
		{18C06C7C-E2C8-49CB-8163-59D91B18C5BF}.Debug|x86.ActiveCfg = Debug|Win32
		{18C06C7C-E2C8-49CB-8163-59D91B18C5BF}.Debug|x86.Build.0 = Debug|Win32
		{18C06C7C-E2C8-49CB-8163-59D91B18C5BF}.Release|x64.ActiveCfg = Release|x64
		{18C06C7C-E2C8-49CB-8163-59D91B18C5BF}.Release|x64.Build.0 = Release|x64
		{18C06C7C-E2C8-49CB-8163-59D91B18C5BF}.Release|x86.ActiveCfg = Release|Win32
		{18C06C7C-E2C8-49CB-8163-59D91B18C5BF}.Release|x86.Build.0 = Release|Win32
		{54FAC274-DCA0-4A3E-A8AF-1DE0CFCFB533}.Debug|x64.ActiveCfg = Debug|x64
		{54FAC274-DCA0-4A3E-A8AF-1DE0CFCFB533}.Debug|x64.Build.0 = Debug|x64
		{54FAC274-DCA0-4A3E-A8AF-1DE0CFCFB533}.Debug|x86.ActiveCfg = Debug|Win32
		{54FAC274-DCA0-4A3E-A8AF-1DE0CFCFB533}.Debug|x86.Build.0 = Debug|Win32
		{54FAC274-DCA0-4A3E-A8AF-1DE0CFCFB533}.Release|x64.ActiveCfg = Release|x64
		{54FAC274-DCA0-4A3E-A8AF-1DE0CFCFB533}.Release|x64.Build.0 = Release|x64
		{54FAC274-DCA0-4A3E-A8AF-1DE0CFCFB533}.Release|x86.ActiveCfg = Release|Win32
		{54FAC274-DCA0-4A3E-A8AF-1DE0CFCFB533}.Release|x86.Build.0 = Release|Win32
		{95C08E39-359D-4E0F-AC2C-B0BAEFA9FCF4}.Debug|x64.ActiveCfg = Debug|x64
		{95C08E39-359D-4E0F-AC2C-B0BAEFA9FCF4}.Debug|x64.Build.0 = Debug|x64
		{95C08E39-359D-4E0F-AC2C-B0BAEFA9FCF4}.Debug|x86.ActiveCfg = Debug|Win32
		{95C08E39-359D-4E0F-AC2C-B0BAEFA9FCF4}.Debug|x86.Build.0 = Debug|Win32
		{95C08E39-359D-4E0F-AC2C-B0BAEFA9FCF4}.Release|x64.ActiveCfg = Release|x64
		{95C08E39-359D-4E0F-AC2C-B0BAEFA9FCF4}.Release|x64.Build.0 = Release|x64
		{95C08E39-359D-4E0F-AC2C-B0BAEFA9FCF4}.Release|x86.ActiveCfg = Release|Win32
		{95C08E39-359D-4E0F-AC2C-B0BAEFA9FCF4}.Release|x86.Build.0 = Release|Win32
		{64A01566-6334-4422-A7F4-1F64D846D632}.Debug|x64.ActiveCfg = Debug|x64
		{64A01566-6334-4422-A7F4-1F64D846D632}.Debug|x64.Build.0 = Debug|x64
		{64A01566-6334-4422-A7F4-1F64D846D632}.Debug|x86.ActiveCfg = Debug|Win32
		{64A01566-6334-4422-A7F4-1F64D846D632}.Debug|x86.Build.0 = Debug|Win32
		{64A01566-6334-4422-A7F4-1F64D846D632}.Release|x64.ActiveCfg = Release|x64
		{64A01566-6334-4422-A7F4-1F64D846D632}.Release|x64.Build.0 = Release|x64
		{64A01566-6334-4422-A7F4-1F64D846D632}.Release|x86.ActiveCfg = Release|Win32
		{64A01566-6334-4422-A7F4-1F64D846D632}.Release|x86.Build.0 = Release|Win32
	EndGlobalSection
	GlobalSection(SolutionProperties) = preSolution
		HideSolutionNode = FALSE
	EndGlobalSection
EndGlobal
