Microsoft Visual Studio Solution File, Format Version 12.00
# Visual Studio 14
VisualStudioVersion = 14.0.25420.1
MinimumVisualStudioVersion = 10.0.40219.1
Project("{8BC9CEB8-8B4A-11D0-8D11-00A0C91BC942}") = "TwoSum", "TwoSum\TwoSum.vcxproj", "{794D30C1-C71D-4FA6-9AF2-664022542510}"
EndProject
Project("{8BC9CEB8-8B4A-11D0-8D11-00A0C91BC942}") = "Combinations", "Combinations\Combinations.vcxproj", "{2FB97EDC-5AA7-4200-8A20-A50BEE90C2AE}"
EndProject
Project("{8BC9CEB8-8B4A-11D0-8D11-00A0C91BC942}") = "Add Two Number", "Add Two Number\Add Two Number.vcxproj", "{CF8EA823-9106-4CED-985A-B6C5237824D9}"
EndProject
Project("{8BC9CEB8-8B4A-11D0-8D11-00A0C91BC942}") = "Longest Substring Without Repeating Characters", "Longest Substring Without Repeating Characters\Longest Substring Without Repeating Characters.vcxproj", "{63F28CCD-DA1F-4E89-BE72-8CB95AA34AF8}"
EndProject
Project("{8BC9CEB8-8B4A-11D0-8D11-00A0C91BC942}") = "Longest Palindromic Substring", "Longest Palindromic Substring\Longest Palindromic Substring.vcxproj", "{ECB15A6D-F4CC-486E-A3A7-5819BD60CE18}"
EndProject
Project("{8BC9CEB8-8B4A-11D0-8D11-00A0C91BC942}") = "ZigZag Conversion", "ZigZag Conversion\ZigZag Conversion.vcxproj", "{42A892BB-5137-45F0-AC0C-C592C41EACBC}"
EndProject
Project("{8BC9CEB8-8B4A-11D0-8D11-00A0C91BC942}") = "Reverse Integer", "Reverse Integer\Reverse Integer.vcxproj", "{7CC9C920-C7BC-4673-AF3F-F83AABB2F332}"
EndProject
Project("{8BC9CEB8-8B4A-11D0-8D11-00A0C91BC942}") = "String to Integer", "String to Integer\String to Integer.vcxproj", "{3A494C74-8E01-4C46-9ACD-C5ADD5839600}"
EndProject
Project("{8BC9CEB8-8B4A-11D0-8D11-00A0C91BC942}") = "Palindrome Number", "Palindrome Number\Palindrome Number.vcxproj", "{3EB1934D-25E8-4EEB-934C-E45EF7B27A20}"
EndProject
Project("{8BC9CEB8-8B4A-11D0-8D11-00A0C91BC942}") = "Regular Expression Matching", "Regular Expression Matching\Regular Expression Matching.vcxproj", "{60A53ADB-8199-499D-A728-6BAD653810D7}"
EndProject
Project("{8BC9CEB8-8B4A-11D0-8D11-00A0C91BC942}") = "Container With Most Water", "Container With Most Water\Container With Most Water.vcxproj", "{B12677DC-3B96-457F-8EED-BC5541F381F5}"
EndProject
Project("{8BC9CEB8-8B4A-11D0-8D11-00A0C91BC942}") = "Integer to Roman", "Integer to Roman\Integer to Roman.vcxproj", "{DF5ED417-18FE-471E-964D-12B6EA739B09}"
EndProject
Project("{8BC9CEB8-8B4A-11D0-8D11-00A0C91BC942}") = "Roman to Integer", "Roman to Integer\Roman to Integer.vcxproj", "{FF34BF4D-2B7F-46C0-879A-7F7808E7D29C}"
EndProject
Project("{8BC9CEB8-8B4A-11D0-8D11-00A0C91BC942}") = "3Sum", "3Sum\3Sum.vcxproj", "{9D2270D1-A55D-4828-893A-8E422A01505A}"
EndProject
Project("{8BC9CEB8-8B4A-11D0-8D11-00A0C91BC942}") = "3Sum Closest", "3Sum Closest\3Sum Closest.vcxproj", "{B16C168C-B04A-4BEA-B010-2A98B5548983}"
EndProject
Project("{8BC9CEB8-8B4A-11D0-8D11-00A0C91BC942}") = "Letter Combinations of a Phone Number", "Letter Combinations of a Phone Number\Letter Combinations of a Phone Number.vcxproj", "{E06EF728-4E38-4954-A2C4-AC303E868BD5}"
EndProject
Project("{8BC9CEB8-8B4A-11D0-8D11-00A0C91BC942}") = "4Sum", "4Sum\4Sum.vcxproj", "{9EEFB99F-3582-4428-8AE4-CA5991136681}"
EndProject
Project("{8BC9CEB8-8B4A-11D0-8D11-00A0C91BC942}") = "Remove Nth Node From End of List", "Remove Nth Node From End of List\Remove Nth Node From End of List.vcxproj", "{34DBFB3F-4D9B-4401-9D67-B5C02BDF58B2}"
EndProject
Project("{8BC9CEB8-8B4A-11D0-8D11-00A0C91BC942}") = "Merge Two Sorted Lists", "Merge Two Sorted Lists\Merge Two Sorted Lists.vcxproj", "{15ABA508-7699-482E-8B61-1B06FF48008A}"
EndProject
Project("{8BC9CEB8-8B4A-11D0-8D11-00A0C91BC942}") = "Generate Parentheses", "Generate Parentheses\Generate Parentheses.vcxproj", "{BB5B9139-AE48-475E-ADE6-AC5B9B455BAC}"
EndProject
Project("{8BC9CEB8-8B4A-11D0-8D11-00A0C91BC942}") = "Valid Parentheses", "Valid Parentheses\Valid Parentheses.vcxproj", "{19B65565-6927-4BE1-93FF-BD1D281C6784}"
EndProject
Project("{8BC9CEB8-8B4A-11D0-8D11-00A0C91BC942}") = "Merge k Sorted Lists", "Merge k Sorted Lists\Merge k Sorted Lists.vcxproj", "{4445A1E3-DBF2-4BDB-82CD-38F182C2A95E}"
EndProject
Project("{8BC9CEB8-8B4A-11D0-8D11-00A0C91BC942}") = "Swap Nodes in Pairs", "Swap Nodes in Pairs\Swap Nodes in Pairs.vcxproj", "{B11A5A43-3603-41C6-99D2-A4960501E05B}"
EndProject
Project("{8BC9CEB8-8B4A-11D0-8D11-00A0C91BC942}") = "Reverse Nodes in k-Group", "Reverse Nodes in k-Group\Reverse Nodes in k-Group.vcxproj", "{95CCAEC4-F882-4BEC-B51F-12A7CF8CA356}"
EndProject
Project("{8BC9CEB8-8B4A-11D0-8D11-00A0C91BC942}") = "Remove Duplicates from Sorted Array", "Remove Duplicates from Sorted Array\Remove Duplicates from Sorted Array.vcxproj", "{E8AD73F5-1501-4721-9B59-A3204E99D996}"
EndProject
Project("{8BC9CEB8-8B4A-11D0-8D11-00A0C91BC942}") = "Remove Element", "Remove Element\Remove Element.vcxproj", "{F3FE7F3D-15CC-4942-BEAF-83E3F3C1C0D3}"
EndProject
Project("{8BC9CEB8-8B4A-11D0-8D11-00A0C91BC942}") = "Implement strStr()", "Implement strStr()\Implement strStr().vcxproj", "{AF2F2DBE-A9F1-438A-9F02-46876C726D57}"
EndProject
Project("{8BC9CEB8-8B4A-11D0-8D11-00A0C91BC942}") = "Divide Two Integers", "Divide Two Integers\Divide Two Integers.vcxproj", "{4D5344C6-6259-4CEF-9774-FB1A16E49107}"
EndProject
Project("{8BC9CEB8-8B4A-11D0-8D11-00A0C91BC942}") = "Substring with Concatenation of All Words", "Substring with Concatenation of All Words\Substring with Concatenation of All Words.vcxproj", "{CF115F41-082B-4611-B493-D72C37AD9DF7}"
EndProject
Project("{8BC9CEB8-8B4A-11D0-8D11-00A0C91BC942}") = "Next Permutation", "Next Permutation\Next Permutation.vcxproj", "{336D2997-EF65-4843-AA24-1D5EA3F0E712}"
EndProject
Project("{8BC9CEB8-8B4A-11D0-8D11-00A0C91BC942}") = "Longest Valid Parentheses", "Longest Valid Parentheses\Longest Valid Parentheses.vcxproj", "{7B611A9B-00FB-4D39-AD10-492278B5BE71}"
EndProject
Project("{8BC9CEB8-8B4A-11D0-8D11-00A0C91BC942}") = "Search in Rotated Sorted Array", "Search in Rotated Sorted Array\Search in Rotated Sorted Array.vcxproj", "{143A0219-D29A-45AD-A154-08FECBE4A981}"
EndProject
Project("{8BC9CEB8-8B4A-11D0-8D11-00A0C91BC942}") = "Search for a Range", "Search for a Range\Search for a Range.vcxproj", "{1BFBAB49-BDDB-4A7B-A0B0-DF568A5630D0}"
EndProject
Project("{8BC9CEB8-8B4A-11D0-8D11-00A0C91BC942}") = "Search Insert Position", "Search Insert Position\Search Insert Position.vcxproj", "{022FCEF4-7169-484E-82B8-2354CB2A8B59}"
EndProject
Project("{8BC9CEB8-8B4A-11D0-8D11-00A0C91BC942}") = "Valid Sudoku", "Valid Sudoku\Valid Sudoku.vcxproj", "{CBF5294A-0E4B-4615-B323-6E2EB295057E}"
EndProject
Project("{8BC9CEB8-8B4A-11D0-8D11-00A0C91BC942}") = "Sudoku Solver", "Sudoku Solver\Sudoku Solver.vcxproj", "{5504C9F5-774F-4A85-80C2-DEF35FF14C73}"
EndProject
Project("{8BC9CEB8-8B4A-11D0-8D11-00A0C91BC942}") = "Count and Say", "Count and Say\Count and Say.vcxproj", "{7FA57F85-D785-4D0B-877D-FA9002399AD7}"
EndProject
Project("{8BC9CEB8-8B4A-11D0-8D11-00A0C91BC942}") = "Combination Sum", "Combination Sum\Combination Sum.vcxproj", "{AF6C4CDB-D14E-48B9-B563-0CE432C7C3C2}"
EndProject
Project("{8BC9CEB8-8B4A-11D0-8D11-00A0C91BC942}") = "Combination Sum II", "Combination Sum II\Combination Sum II.vcxproj", "{18C06C7C-E2C8-49CB-8163-59D91B18C5BF}"
EndProject
Project("{8BC9CEB8-8B4A-11D0-8D11-00A0C91BC942}") = "First Missing Positive", "First Missing Positive\First Missing Positive.vcxproj", "{54FAC274-DCA0-4A3E-A8AF-1DE0CFCFB533}"
EndProject
Project("{8BC9CEB8-8B4A-11D0-8D11-00A0C91BC942}") = "Trapping Rain Water", "Trapping Rain Water\Trapping Rain Water.vcxproj", "{95C08E39-359D-4E0F-AC2C-B0BAEFA9FCF4}"
EndProject
Project("{8BC9CEB8-8B4A-11D0-8D11-00A0C91BC942}") = "Wildcard Matching", "Wildcard Matching\Wildcard Matching.vcxproj", "{64A01566-6334-4422-A7F4-1F64D846D632}"
EndProject
Project("{8BC9CEB8-8B4A-11D0-8D11-00A0C91BC942}") = "Multiply Strings", "Multiply Strings\Multiply Strings.vcxproj", "{35890D58-3F8B-4F62-AB22-C719B9A97AE9}"
EndProject
Project("{8BC9CEB8-8B4A-11D0-8D11-00A0C91BC942}") = "Jump Game II", "Jump Game II\Jump Game II.vcxproj", "{AFE45004-0550-44FE-A8AF-28C4A02B9FC6}"
EndProject
Project("{8BC9CEB8-8B4A-11D0-8D11-00A0C91BC942}") = "Permutations", "Permutations\Permutations.vcxproj", "{62534C96-8F31-45D1-9A7A-26EA2B39AF33}"
EndProject
Project("{8BC9CEB8-8B4A-11D0-8D11-00A0C91BC942}") = "Permutations II", "Permutations II\Permutations II.vcxproj", "{753D96F4-FEFA-4FB4-B6A2-E4B9D7E9B5EB}"
EndProject
Project("{8BC9CEB8-8B4A-11D0-8D11-00A0C91BC942}") = "Rotate Image", "Rotate Image\Rotate Image.vcxproj", "{B87A64D5-3DF3-49EB-A3BA-5197B4C5C240}"
EndProject
Project("{8BC9CEB8-8B4A-11D0-8D11-00A0C91BC942}") = "Group Anagrams", "Group Anagrams\Group Anagrams.vcxproj", "{B43D84EB-DDCE-4128-B8A1-93D3C77E1FB5}"
EndProject
Project("{8BC9CEB8-8B4A-11D0-8D11-00A0C91BC942}") = "Pow(x, n)", "Pow(x, n)\Pow(x, n).vcxproj", "{B616D9C3-C411-429F-BB85-56204686DD25}"
EndProject
Project("{8BC9CEB8-8B4A-11D0-8D11-00A0C91BC942}") = "N-Queens", "N-Queens\N-Queens.vcxproj", "{80393FA7-1735-41E1-9308-934FF380670A}"
EndProject
Project("{8BC9CEB8-8B4A-11D0-8D11-00A0C91BC942}") = "N-Queens II", "N-Queens II\N-Queens II.vcxproj", "{1D25F2C1-AE4E-495F-BFE5-117D3D15D9DC}"
EndProject
Project("{8BC9CEB8-8B4A-11D0-8D11-00A0C91BC942}") = "Maximum Subarray", "Maximum Subarray\Maximum Subarray.vcxproj", "{912071C6-80E5-4BBD-9E24-A6942F140256}"
EndProject
Project("{8BC9CEB8-8B4A-11D0-8D11-00A0C91BC942}") = "Spiral Matrix", "Spiral Matrix\Spiral Matrix.vcxproj", "{E031E743-FD8C-437D-9F94-D79E1CB4F836}"
EndProject
Project("{8BC9CEB8-8B4A-11D0-8D11-00A0C91BC942}") = "Jump Game", "Jump Game\Jump Game.vcxproj", "{2622C5F2-DB09-4CAE-820E-E7032EBB6D2F}"
EndProject
Project("{8BC9CEB8-8B4A-11D0-8D11-00A0C91BC942}") = "Merge Intervals", "Merge Intervals\Merge Intervals.vcxproj", "{C41AE79C-44E5-42F4-BA84-B8511224A24A}"
EndProject
Project("{8BC9CEB8-8B4A-11D0-8D11-00A0C91BC942}") = "Insert Interval", "Insert Interval\Insert Interval.vcxproj", "{9BD7874B-3951-49DC-B8CF-DB8FC234F047}"
EndProject
Project("{8BC9CEB8-8B4A-11D0-8D11-00A0C91BC942}") = "Subsets", "Subsets\Subsets.vcxproj", "{669BBE2A-F82D-4DDD-80D4-28DD85B541DD}"
EndProject
Project("{8BC9CEB8-8B4A-11D0-8D11-00A0C91BC942}") = "Length of Last Word", "Length of Last Word\Length of Last Word.vcxproj", "{95EA9471-D581-4899-9909-4369E333FBF0}"
EndProject
Project("{8BC9CEB8-8B4A-11D0-8D11-00A0C91BC942}") = "Spiral Matrix II", "Spiral Matrix II\Spiral Matrix II.vcxproj", "{98168806-3820-4B21-9ED6-6653C8DB9868}"
EndProject
Project("{8BC9CEB8-8B4A-11D0-8D11-00A0C91BC942}") = "Permutation Sequence", "Permutation Sequence\Permutation Sequence.vcxproj", "{9B6CD8EB-2173-4E9F-804C-A252370DA3FB}"
EndProject
Project("{8BC9CEB8-8B4A-11D0-8D11-00A0C91BC942}") = "Rotate List", "Rotate List\Rotate List.vcxproj", "{51F66813-2793-44ED-B290-1333DD78E681}"
EndProject
Project("{8BC9CEB8-8B4A-11D0-8D11-00A0C91BC942}") = "Unique Paths", "Unique Paths\Unique Paths.vcxproj", "{B75A4BB5-F20C-451D-85DD-0B8810F809A4}"
EndProject
Project("{8BC9CEB8-8B4A-11D0-8D11-00A0C91BC942}") = "Unique Paths II", "Unique Paths II\Unique Paths II.vcxproj", "{76504F59-4B55-4647-8B45-2FADE0CCD9C2}"
EndProject
Project("{8BC9CEB8-8B4A-11D0-8D11-00A0C91BC942}") = "Minimum Path Sum", "Minimum Path Sum\Minimum Path Sum.vcxproj", "{163F5FB1-0638-4558-9F3D-77406C1718DC}"
EndProject
Project("{8BC9CEB8-8B4A-11D0-8D11-00A0C91BC942}") = "Valid Number", "Valid Number\Valid Number.vcxproj", "{0FA556EC-73CE-41F4-9DAF-77CDCA38B3EA}"
EndProject
Project("{8BC9CEB8-8B4A-11D0-8D11-00A0C91BC942}") = "Plus One", "Plus One\Plus One.vcxproj", "{078FF23C-F5E9-4879-9078-738B127AEC8A}"
EndProject
Project("{8BC9CEB8-8B4A-11D0-8D11-00A0C91BC942}") = "Add Binary", "Add Binary\Add Binary.vcxproj", "{F7E58351-3C90-4CD6-AD47-C569E1BF79B9}"
EndProject
Project("{8BC9CEB8-8B4A-11D0-8D11-00A0C91BC942}") = "Text Justification", "Text Justification\Text Justification.vcxproj", "{7F11BF8D-8806-441C-B2AD-D8C0512EA5C8}"
EndProject
Project("{8BC9CEB8-8B4A-11D0-8D11-00A0C91BC942}") = "Sqrt(x)", "Sqrt(x)\Sqrt(x).vcxproj", "{B791C764-F79D-4ACB-B94D-F528C50967C0}"
EndProject
Project("{8BC9CEB8-8B4A-11D0-8D11-00A0C91BC942}") = "Climbing Stairs", "Climbing Stairs\Climbing Stairs.vcxproj", "{4F6078F4-FAD5-4EE3-A9F4-BC2F406D4229}"
EndProject
Project("{8BC9CEB8-8B4A-11D0-8D11-00A0C91BC942}") = "Simplify Path", "Simplify Path\Simplify Path.vcxproj", "{577EBF6B-1559-4CF0-9C59-38D9203323DC}"
EndProject
Project("{8BC9CEB8-8B4A-11D0-8D11-00A0C91BC942}") = "Edit Distance", "Edit Distance\Edit Distance.vcxproj", "{EC6AB7FF-CFD7-44E6-9CBE-B163D571DDF3}"
EndProject
Project("{8BC9CEB8-8B4A-11D0-8D11-00A0C91BC942}") = "Set Matrix Zeroes", "Set Matrix Zeroes\Set Matrix Zeroes.vcxproj", "{C6116B3B-4B0A-4F76-9869-70BF391F8ACA}"
EndProject
Project("{8BC9CEB8-8B4A-11D0-8D11-00A0C91BC942}") = "Search a 2D Matrix", "Search a 2D Matrix\Search a 2D Matrix.vcxproj", "{1B691C9E-C3DD-43F5-886E-2FB31137BB90}"
EndProject
Project("{8BC9CEB8-8B4A-11D0-8D11-00A0C91BC942}") = "Sort Colors", "Sort Colors\Sort Colors.vcxproj", "{93D0B665-0712-48D4-92AC-05D600BE3151}"
EndProject
Global
	GlobalSection(SolutionConfigurationPlatforms) = preSolution
		Debug|x64 = Debug|x64
		Debug|x86 = Debug|x86
		Release|x64 = Release|x64
		Release|x86 = Release|x86
	EndGlobalSection
	GlobalSection(ProjectConfigurationPlatforms) = postSolution
		{794D30C1-C71D-4FA6-9AF2-664022542510}.Debug|x64.ActiveCfg = Debug|x64
		{794D30C1-C71D-4FA6-9AF2-664022542510}.Debug|x64.Build.0 = Debug|x64
		{794D30C1-C71D-4FA6-9AF2-664022542510}.Debug|x86.ActiveCfg = Debug|Win32
		{794D30C1-C71D-4FA6-9AF2-664022542510}.Debug|x86.Build.0 = Debug|Win32
		{794D30C1-C71D-4FA6-9AF2-664022542510}.Release|x64.ActiveCfg = Release|x64
		{794D30C1-C71D-4FA6-9AF2-664022542510}.Release|x64.Build.0 = Release|x64
		{794D30C1-C71D-4FA6-9AF2-664022542510}.Release|x86.ActiveCfg = Release|Win32
		{794D30C1-C71D-4FA6-9AF2-664022542510}.Release|x86.Build.0 = Release|Win32
		{2FB97EDC-5AA7-4200-8A20-A50BEE90C2AE}.Debug|x64.ActiveCfg = Debug|x64
		{2FB97EDC-5AA7-4200-8A20-A50BEE90C2AE}.Debug|x64.Build.0 = Debug|x64
		{2FB97EDC-5AA7-4200-8A20-A50BEE90C2AE}.Debug|x86.ActiveCfg = Debug|Win32
		{2FB97EDC-5AA7-4200-8A20-A50BEE90C2AE}.Debug|x86.Build.0 = Debug|Win32
		{2FB97EDC-5AA7-4200-8A20-A50BEE90C2AE}.Release|x64.ActiveCfg = Release|x64
		{2FB97EDC-5AA7-4200-8A20-A50BEE90C2AE}.Release|x64.Build.0 = Release|x64
		{2FB97EDC-5AA7-4200-8A20-A50BEE90C2AE}.Release|x86.ActiveCfg = Release|Win32
		{2FB97EDC-5AA7-4200-8A20-A50BEE90C2AE}.Release|x86.Build.0 = Release|Win32
		{CF8EA823-9106-4CED-985A-B6C5237824D9}.Debug|x64.ActiveCfg = Debug|x64
		{CF8EA823-9106-4CED-985A-B6C5237824D9}.Debug|x64.Build.0 = Debug|x64
		{CF8EA823-9106-4CED-985A-B6C5237824D9}.Debug|x86.ActiveCfg = Debug|Win32
		{CF8EA823-9106-4CED-985A-B6C5237824D9}.Debug|x86.Build.0 = Debug|Win32
		{CF8EA823-9106-4CED-985A-B6C5237824D9}.Release|x64.ActiveCfg = Release|x64
		{CF8EA823-9106-4CED-985A-B6C5237824D9}.Release|x64.Build.0 = Release|x64
		{CF8EA823-9106-4CED-985A-B6C5237824D9}.Release|x86.ActiveCfg = Release|Win32
		{CF8EA823-9106-4CED-985A-B6C5237824D9}.Release|x86.Build.0 = Release|Win32
		{63F28CCD-DA1F-4E89-BE72-8CB95AA34AF8}.Debug|x64.ActiveCfg = Debug|x64
		{63F28CCD-DA1F-4E89-BE72-8CB95AA34AF8}.Debug|x64.Build.0 = Debug|x64
		{63F28CCD-DA1F-4E89-BE72-8CB95AA34AF8}.Debug|x86.ActiveCfg = Debug|Win32
		{63F28CCD-DA1F-4E89-BE72-8CB95AA34AF8}.Debug|x86.Build.0 = Debug|Win32
		{63F28CCD-DA1F-4E89-BE72-8CB95AA34AF8}.Release|x64.ActiveCfg = Release|x64
		{63F28CCD-DA1F-4E89-BE72-8CB95AA34AF8}.Release|x64.Build.0 = Release|x64
		{63F28CCD-DA1F-4E89-BE72-8CB95AA34AF8}.Release|x86.ActiveCfg = Release|Win32
		{63F28CCD-DA1F-4E89-BE72-8CB95AA34AF8}.Release|x86.Build.0 = Release|Win32
		{ECB15A6D-F4CC-486E-A3A7-5819BD60CE18}.Debug|x64.ActiveCfg = Debug|x64
		{ECB15A6D-F4CC-486E-A3A7-5819BD60CE18}.Debug|x64.Build.0 = Debug|x64
		{ECB15A6D-F4CC-486E-A3A7-5819BD60CE18}.Debug|x86.ActiveCfg = Debug|Win32
		{ECB15A6D-F4CC-486E-A3A7-5819BD60CE18}.Debug|x86.Build.0 = Debug|Win32
		{ECB15A6D-F4CC-486E-A3A7-5819BD60CE18}.Release|x64.ActiveCfg = Release|x64
		{ECB15A6D-F4CC-486E-A3A7-5819BD60CE18}.Release|x64.Build.0 = Release|x64
		{ECB15A6D-F4CC-486E-A3A7-5819BD60CE18}.Release|x86.ActiveCfg = Release|Win32
		{ECB15A6D-F4CC-486E-A3A7-5819BD60CE18}.Release|x86.Build.0 = Release|Win32
		{42A892BB-5137-45F0-AC0C-C592C41EACBC}.Debug|x64.ActiveCfg = Debug|x64
		{42A892BB-5137-45F0-AC0C-C592C41EACBC}.Debug|x64.Build.0 = Debug|x64
		{42A892BB-5137-45F0-AC0C-C592C41EACBC}.Debug|x86.ActiveCfg = Debug|Win32
		{42A892BB-5137-45F0-AC0C-C592C41EACBC}.Debug|x86.Build.0 = Debug|Win32
		{42A892BB-5137-45F0-AC0C-C592C41EACBC}.Release|x64.ActiveCfg = Release|x64
		{42A892BB-5137-45F0-AC0C-C592C41EACBC}.Release|x64.Build.0 = Release|x64
		{42A892BB-5137-45F0-AC0C-C592C41EACBC}.Release|x86.ActiveCfg = Release|Win32
		{42A892BB-5137-45F0-AC0C-C592C41EACBC}.Release|x86.Build.0 = Release|Win32
		{7CC9C920-C7BC-4673-AF3F-F83AABB2F332}.Debug|x64.ActiveCfg = Debug|x64
		{7CC9C920-C7BC-4673-AF3F-F83AABB2F332}.Debug|x64.Build.0 = Debug|x64
		{7CC9C920-C7BC-4673-AF3F-F83AABB2F332}.Debug|x86.ActiveCfg = Debug|Win32
		{7CC9C920-C7BC-4673-AF3F-F83AABB2F332}.Debug|x86.Build.0 = Debug|Win32
		{7CC9C920-C7BC-4673-AF3F-F83AABB2F332}.Release|x64.ActiveCfg = Release|x64
		{7CC9C920-C7BC-4673-AF3F-F83AABB2F332}.Release|x64.Build.0 = Release|x64
		{7CC9C920-C7BC-4673-AF3F-F83AABB2F332}.Release|x86.ActiveCfg = Release|Win32
		{7CC9C920-C7BC-4673-AF3F-F83AABB2F332}.Release|x86.Build.0 = Release|Win32
		{3A494C74-8E01-4C46-9ACD-C5ADD5839600}.Debug|x64.ActiveCfg = Debug|x64
		{3A494C74-8E01-4C46-9ACD-C5ADD5839600}.Debug|x64.Build.0 = Debug|x64
		{3A494C74-8E01-4C46-9ACD-C5ADD5839600}.Debug|x86.ActiveCfg = Debug|Win32
		{3A494C74-8E01-4C46-9ACD-C5ADD5839600}.Debug|x86.Build.0 = Debug|Win32
		{3A494C74-8E01-4C46-9ACD-C5ADD5839600}.Release|x64.ActiveCfg = Release|x64
		{3A494C74-8E01-4C46-9ACD-C5ADD5839600}.Release|x64.Build.0 = Release|x64
		{3A494C74-8E01-4C46-9ACD-C5ADD5839600}.Release|x86.ActiveCfg = Release|Win32
		{3A494C74-8E01-4C46-9ACD-C5ADD5839600}.Release|x86.Build.0 = Release|Win32
		{3EB1934D-25E8-4EEB-934C-E45EF7B27A20}.Debug|x64.ActiveCfg = Debug|x64
		{3EB1934D-25E8-4EEB-934C-E45EF7B27A20}.Debug|x64.Build.0 = Debug|x64
		{3EB1934D-25E8-4EEB-934C-E45EF7B27A20}.Debug|x86.ActiveCfg = Debug|Win32
		{3EB1934D-25E8-4EEB-934C-E45EF7B27A20}.Debug|x86.Build.0 = Debug|Win32
		{3EB1934D-25E8-4EEB-934C-E45EF7B27A20}.Release|x64.ActiveCfg = Release|x64
		{3EB1934D-25E8-4EEB-934C-E45EF7B27A20}.Release|x64.Build.0 = Release|x64
		{3EB1934D-25E8-4EEB-934C-E45EF7B27A20}.Release|x86.ActiveCfg = Release|Win32
		{3EB1934D-25E8-4EEB-934C-E45EF7B27A20}.Release|x86.Build.0 = Release|Win32
		{60A53ADB-8199-499D-A728-6BAD653810D7}.Debug|x64.ActiveCfg = Debug|x64
		{60A53ADB-8199-499D-A728-6BAD653810D7}.Debug|x64.Build.0 = Debug|x64
		{60A53ADB-8199-499D-A728-6BAD653810D7}.Debug|x86.ActiveCfg = Debug|Win32
		{60A53ADB-8199-499D-A728-6BAD653810D7}.Debug|x86.Build.0 = Debug|Win32
		{60A53ADB-8199-499D-A728-6BAD653810D7}.Release|x64.ActiveCfg = Release|x64
		{60A53ADB-8199-499D-A728-6BAD653810D7}.Release|x64.Build.0 = Release|x64
		{60A53ADB-8199-499D-A728-6BAD653810D7}.Release|x86.ActiveCfg = Release|Win32
		{60A53ADB-8199-499D-A728-6BAD653810D7}.Release|x86.Build.0 = Release|Win32
		{B12677DC-3B96-457F-8EED-BC5541F381F5}.Debug|x64.ActiveCfg = Debug|x64
		{B12677DC-3B96-457F-8EED-BC5541F381F5}.Debug|x64.Build.0 = Debug|x64
		{B12677DC-3B96-457F-8EED-BC5541F381F5}.Debug|x86.ActiveCfg = Debug|Win32
		{B12677DC-3B96-457F-8EED-BC5541F381F5}.Debug|x86.Build.0 = Debug|Win32
		{B12677DC-3B96-457F-8EED-BC5541F381F5}.Release|x64.ActiveCfg = Release|x64
		{B12677DC-3B96-457F-8EED-BC5541F381F5}.Release|x64.Build.0 = Release|x64
		{B12677DC-3B96-457F-8EED-BC5541F381F5}.Release|x86.ActiveCfg = Release|Win32
		{B12677DC-3B96-457F-8EED-BC5541F381F5}.Release|x86.Build.0 = Release|Win32
		{DF5ED417-18FE-471E-964D-12B6EA739B09}.Debug|x64.ActiveCfg = Debug|x64
		{DF5ED417-18FE-471E-964D-12B6EA739B09}.Debug|x64.Build.0 = Debug|x64
		{DF5ED417-18FE-471E-964D-12B6EA739B09}.Debug|x86.ActiveCfg = Debug|Win32
		{DF5ED417-18FE-471E-964D-12B6EA739B09}.Debug|x86.Build.0 = Debug|Win32
		{DF5ED417-18FE-471E-964D-12B6EA739B09}.Release|x64.ActiveCfg = Release|x64
		{DF5ED417-18FE-471E-964D-12B6EA739B09}.Release|x64.Build.0 = Release|x64
		{DF5ED417-18FE-471E-964D-12B6EA739B09}.Release|x86.ActiveCfg = Release|Win32
		{DF5ED417-18FE-471E-964D-12B6EA739B09}.Release|x86.Build.0 = Release|Win32
		{FF34BF4D-2B7F-46C0-879A-7F7808E7D29C}.Debug|x64.ActiveCfg = Debug|x64
		{FF34BF4D-2B7F-46C0-879A-7F7808E7D29C}.Debug|x64.Build.0 = Debug|x64
		{FF34BF4D-2B7F-46C0-879A-7F7808E7D29C}.Debug|x86.ActiveCfg = Debug|Win32
		{FF34BF4D-2B7F-46C0-879A-7F7808E7D29C}.Debug|x86.Build.0 = Debug|Win32
		{FF34BF4D-2B7F-46C0-879A-7F7808E7D29C}.Release|x64.ActiveCfg = Release|x64
		{FF34BF4D-2B7F-46C0-879A-7F7808E7D29C}.Release|x64.Build.0 = Release|x64
		{FF34BF4D-2B7F-46C0-879A-7F7808E7D29C}.Release|x86.ActiveCfg = Release|Win32
		{FF34BF4D-2B7F-46C0-879A-7F7808E7D29C}.Release|x86.Build.0 = Release|Win32
		{9D2270D1-A55D-4828-893A-8E422A01505A}.Debug|x64.ActiveCfg = Debug|x64
		{9D2270D1-A55D-4828-893A-8E422A01505A}.Debug|x64.Build.0 = Debug|x64
		{9D2270D1-A55D-4828-893A-8E422A01505A}.Debug|x86.ActiveCfg = Debug|Win32
		{9D2270D1-A55D-4828-893A-8E422A01505A}.Debug|x86.Build.0 = Debug|Win32
		{9D2270D1-A55D-4828-893A-8E422A01505A}.Release|x64.ActiveCfg = Release|x64
		{9D2270D1-A55D-4828-893A-8E422A01505A}.Release|x64.Build.0 = Release|x64
		{9D2270D1-A55D-4828-893A-8E422A01505A}.Release|x86.ActiveCfg = Release|Win32
		{9D2270D1-A55D-4828-893A-8E422A01505A}.Release|x86.Build.0 = Release|Win32
		{B16C168C-B04A-4BEA-B010-2A98B5548983}.Debug|x64.ActiveCfg = Debug|x64
		{B16C168C-B04A-4BEA-B010-2A98B5548983}.Debug|x64.Build.0 = Debug|x64
		{B16C168C-B04A-4BEA-B010-2A98B5548983}.Debug|x86.ActiveCfg = Debug|Win32
		{B16C168C-B04A-4BEA-B010-2A98B5548983}.Debug|x86.Build.0 = Debug|Win32
		{B16C168C-B04A-4BEA-B010-2A98B5548983}.Release|x64.ActiveCfg = Release|x64
		{B16C168C-B04A-4BEA-B010-2A98B5548983}.Release|x64.Build.0 = Release|x64
		{B16C168C-B04A-4BEA-B010-2A98B5548983}.Release|x86.ActiveCfg = Release|Win32
		{B16C168C-B04A-4BEA-B010-2A98B5548983}.Release|x86.Build.0 = Release|Win32
		{E06EF728-4E38-4954-A2C4-AC303E868BD5}.Debug|x64.ActiveCfg = Debug|x64
		{E06EF728-4E38-4954-A2C4-AC303E868BD5}.Debug|x64.Build.0 = Debug|x64
		{E06EF728-4E38-4954-A2C4-AC303E868BD5}.Debug|x86.ActiveCfg = Debug|Win32
		{E06EF728-4E38-4954-A2C4-AC303E868BD5}.Debug|x86.Build.0 = Debug|Win32
		{E06EF728-4E38-4954-A2C4-AC303E868BD5}.Release|x64.ActiveCfg = Release|x64
		{E06EF728-4E38-4954-A2C4-AC303E868BD5}.Release|x64.Build.0 = Release|x64
		{E06EF728-4E38-4954-A2C4-AC303E868BD5}.Release|x86.ActiveCfg = Release|Win32
		{E06EF728-4E38-4954-A2C4-AC303E868BD5}.Release|x86.Build.0 = Release|Win32
		{9EEFB99F-3582-4428-8AE4-CA5991136681}.Debug|x64.ActiveCfg = Debug|x64
		{9EEFB99F-3582-4428-8AE4-CA5991136681}.Debug|x64.Build.0 = Debug|x64
		{9EEFB99F-3582-4428-8AE4-CA5991136681}.Debug|x86.ActiveCfg = Debug|Win32
		{9EEFB99F-3582-4428-8AE4-CA5991136681}.Debug|x86.Build.0 = Debug|Win32
		{9EEFB99F-3582-4428-8AE4-CA5991136681}.Release|x64.ActiveCfg = Release|x64
		{9EEFB99F-3582-4428-8AE4-CA5991136681}.Release|x64.Build.0 = Release|x64
		{9EEFB99F-3582-4428-8AE4-CA5991136681}.Release|x86.ActiveCfg = Release|Win32
		{9EEFB99F-3582-4428-8AE4-CA5991136681}.Release|x86.Build.0 = Release|Win32
		{34DBFB3F-4D9B-4401-9D67-B5C02BDF58B2}.Debug|x64.ActiveCfg = Debug|x64
		{34DBFB3F-4D9B-4401-9D67-B5C02BDF58B2}.Debug|x64.Build.0 = Debug|x64
		{34DBFB3F-4D9B-4401-9D67-B5C02BDF58B2}.Debug|x86.ActiveCfg = Debug|Win32
		{34DBFB3F-4D9B-4401-9D67-B5C02BDF58B2}.Debug|x86.Build.0 = Debug|Win32
		{34DBFB3F-4D9B-4401-9D67-B5C02BDF58B2}.Release|x64.ActiveCfg = Release|x64
		{34DBFB3F-4D9B-4401-9D67-B5C02BDF58B2}.Release|x64.Build.0 = Release|x64
		{34DBFB3F-4D9B-4401-9D67-B5C02BDF58B2}.Release|x86.ActiveCfg = Release|Win32
		{34DBFB3F-4D9B-4401-9D67-B5C02BDF58B2}.Release|x86.Build.0 = Release|Win32
		{15ABA508-7699-482E-8B61-1B06FF48008A}.Debug|x64.ActiveCfg = Debug|x64
		{15ABA508-7699-482E-8B61-1B06FF48008A}.Debug|x64.Build.0 = Debug|x64
		{15ABA508-7699-482E-8B61-1B06FF48008A}.Debug|x86.ActiveCfg = Debug|Win32
		{15ABA508-7699-482E-8B61-1B06FF48008A}.Debug|x86.Build.0 = Debug|Win32
		{15ABA508-7699-482E-8B61-1B06FF48008A}.Release|x64.ActiveCfg = Release|x64
		{15ABA508-7699-482E-8B61-1B06FF48008A}.Release|x64.Build.0 = Release|x64
		{15ABA508-7699-482E-8B61-1B06FF48008A}.Release|x86.ActiveCfg = Release|Win32
		{15ABA508-7699-482E-8B61-1B06FF48008A}.Release|x86.Build.0 = Release|Win32
		{BB5B9139-AE48-475E-ADE6-AC5B9B455BAC}.Debug|x64.ActiveCfg = Debug|x64
		{BB5B9139-AE48-475E-ADE6-AC5B9B455BAC}.Debug|x64.Build.0 = Debug|x64
		{BB5B9139-AE48-475E-ADE6-AC5B9B455BAC}.Debug|x86.ActiveCfg = Debug|Win32
		{BB5B9139-AE48-475E-ADE6-AC5B9B455BAC}.Debug|x86.Build.0 = Debug|Win32
		{BB5B9139-AE48-475E-ADE6-AC5B9B455BAC}.Release|x64.ActiveCfg = Release|x64
		{BB5B9139-AE48-475E-ADE6-AC5B9B455BAC}.Release|x64.Build.0 = Release|x64
		{BB5B9139-AE48-475E-ADE6-AC5B9B455BAC}.Release|x86.ActiveCfg = Release|Win32
		{BB5B9139-AE48-475E-ADE6-AC5B9B455BAC}.Release|x86.Build.0 = Release|Win32
		{19B65565-6927-4BE1-93FF-BD1D281C6784}.Debug|x64.ActiveCfg = Debug|x64
		{19B65565-6927-4BE1-93FF-BD1D281C6784}.Debug|x64.Build.0 = Debug|x64
		{19B65565-6927-4BE1-93FF-BD1D281C6784}.Debug|x86.ActiveCfg = Debug|Win32
		{19B65565-6927-4BE1-93FF-BD1D281C6784}.Debug|x86.Build.0 = Debug|Win32
		{19B65565-6927-4BE1-93FF-BD1D281C6784}.Release|x64.ActiveCfg = Release|x64
		{19B65565-6927-4BE1-93FF-BD1D281C6784}.Release|x64.Build.0 = Release|x64
		{19B65565-6927-4BE1-93FF-BD1D281C6784}.Release|x86.ActiveCfg = Release|Win32
		{19B65565-6927-4BE1-93FF-BD1D281C6784}.Release|x86.Build.0 = Release|Win32
		{4445A1E3-DBF2-4BDB-82CD-38F182C2A95E}.Debug|x64.ActiveCfg = Debug|x64
		{4445A1E3-DBF2-4BDB-82CD-38F182C2A95E}.Debug|x64.Build.0 = Debug|x64
		{4445A1E3-DBF2-4BDB-82CD-38F182C2A95E}.Debug|x86.ActiveCfg = Debug|Win32
		{4445A1E3-DBF2-4BDB-82CD-38F182C2A95E}.Debug|x86.Build.0 = Debug|Win32
		{4445A1E3-DBF2-4BDB-82CD-38F182C2A95E}.Release|x64.ActiveCfg = Release|x64
		{4445A1E3-DBF2-4BDB-82CD-38F182C2A95E}.Release|x64.Build.0 = Release|x64
		{4445A1E3-DBF2-4BDB-82CD-38F182C2A95E}.Release|x86.ActiveCfg = Release|Win32
		{4445A1E3-DBF2-4BDB-82CD-38F182C2A95E}.Release|x86.Build.0 = Release|Win32
		{B11A5A43-3603-41C6-99D2-A4960501E05B}.Debug|x64.ActiveCfg = Debug|x64
		{B11A5A43-3603-41C6-99D2-A4960501E05B}.Debug|x64.Build.0 = Debug|x64
		{B11A5A43-3603-41C6-99D2-A4960501E05B}.Debug|x86.ActiveCfg = Debug|Win32
		{B11A5A43-3603-41C6-99D2-A4960501E05B}.Debug|x86.Build.0 = Debug|Win32
		{B11A5A43-3603-41C6-99D2-A4960501E05B}.Release|x64.ActiveCfg = Release|x64
		{B11A5A43-3603-41C6-99D2-A4960501E05B}.Release|x64.Build.0 = Release|x64
		{B11A5A43-3603-41C6-99D2-A4960501E05B}.Release|x86.ActiveCfg = Release|Win32
		{B11A5A43-3603-41C6-99D2-A4960501E05B}.Release|x86.Build.0 = Release|Win32
		{95CCAEC4-F882-4BEC-B51F-12A7CF8CA356}.Debug|x64.ActiveCfg = Debug|x64
		{95CCAEC4-F882-4BEC-B51F-12A7CF8CA356}.Debug|x64.Build.0 = Debug|x64
		{95CCAEC4-F882-4BEC-B51F-12A7CF8CA356}.Debug|x86.ActiveCfg = Debug|Win32
		{95CCAEC4-F882-4BEC-B51F-12A7CF8CA356}.Debug|x86.Build.0 = Debug|Win32
		{95CCAEC4-F882-4BEC-B51F-12A7CF8CA356}.Release|x64.ActiveCfg = Release|x64
		{95CCAEC4-F882-4BEC-B51F-12A7CF8CA356}.Release|x64.Build.0 = Release|x64
		{95CCAEC4-F882-4BEC-B51F-12A7CF8CA356}.Release|x86.ActiveCfg = Release|Win32
		{95CCAEC4-F882-4BEC-B51F-12A7CF8CA356}.Release|x86.Build.0 = Release|Win32
		{E8AD73F5-1501-4721-9B59-A3204E99D996}.Debug|x64.ActiveCfg = Debug|x64
		{E8AD73F5-1501-4721-9B59-A3204E99D996}.Debug|x64.Build.0 = Debug|x64
		{E8AD73F5-1501-4721-9B59-A3204E99D996}.Debug|x86.ActiveCfg = Debug|Win32
		{E8AD73F5-1501-4721-9B59-A3204E99D996}.Debug|x86.Build.0 = Debug|Win32
		{E8AD73F5-1501-4721-9B59-A3204E99D996}.Release|x64.ActiveCfg = Release|x64
		{E8AD73F5-1501-4721-9B59-A3204E99D996}.Release|x64.Build.0 = Release|x64
		{E8AD73F5-1501-4721-9B59-A3204E99D996}.Release|x86.ActiveCfg = Release|Win32
		{E8AD73F5-1501-4721-9B59-A3204E99D996}.Release|x86.Build.0 = Release|Win32
		{F3FE7F3D-15CC-4942-BEAF-83E3F3C1C0D3}.Debug|x64.ActiveCfg = Debug|x64
		{F3FE7F3D-15CC-4942-BEAF-83E3F3C1C0D3}.Debug|x64.Build.0 = Debug|x64
		{F3FE7F3D-15CC-4942-BEAF-83E3F3C1C0D3}.Debug|x86.ActiveCfg = Debug|Win32
		{F3FE7F3D-15CC-4942-BEAF-83E3F3C1C0D3}.Debug|x86.Build.0 = Debug|Win32
		{F3FE7F3D-15CC-4942-BEAF-83E3F3C1C0D3}.Release|x64.ActiveCfg = Release|x64
		{F3FE7F3D-15CC-4942-BEAF-83E3F3C1C0D3}.Release|x64.Build.0 = Release|x64
		{F3FE7F3D-15CC-4942-BEAF-83E3F3C1C0D3}.Release|x86.ActiveCfg = Release|Win32
		{F3FE7F3D-15CC-4942-BEAF-83E3F3C1C0D3}.Release|x86.Build.0 = Release|Win32
		{AF2F2DBE-A9F1-438A-9F02-46876C726D57}.Debug|x64.ActiveCfg = Debug|x64
		{AF2F2DBE-A9F1-438A-9F02-46876C726D57}.Debug|x64.Build.0 = Debug|x64
		{AF2F2DBE-A9F1-438A-9F02-46876C726D57}.Debug|x86.ActiveCfg = Debug|Win32
		{AF2F2DBE-A9F1-438A-9F02-46876C726D57}.Debug|x86.Build.0 = Debug|Win32
		{AF2F2DBE-A9F1-438A-9F02-46876C726D57}.Release|x64.ActiveCfg = Release|x64
		{AF2F2DBE-A9F1-438A-9F02-46876C726D57}.Release|x64.Build.0 = Release|x64
		{AF2F2DBE-A9F1-438A-9F02-46876C726D57}.Release|x86.ActiveCfg = Release|Win32
		{AF2F2DBE-A9F1-438A-9F02-46876C726D57}.Release|x86.Build.0 = Release|Win32
		{4D5344C6-6259-4CEF-9774-FB1A16E49107}.Debug|x64.ActiveCfg = Debug|x64
		{4D5344C6-6259-4CEF-9774-FB1A16E49107}.Debug|x64.Build.0 = Debug|x64
		{4D5344C6-6259-4CEF-9774-FB1A16E49107}.Debug|x86.ActiveCfg = Debug|Win32
		{4D5344C6-6259-4CEF-9774-FB1A16E49107}.Debug|x86.Build.0 = Debug|Win32
		{4D5344C6-6259-4CEF-9774-FB1A16E49107}.Release|x64.ActiveCfg = Release|x64
		{4D5344C6-6259-4CEF-9774-FB1A16E49107}.Release|x64.Build.0 = Release|x64
		{4D5344C6-6259-4CEF-9774-FB1A16E49107}.Release|x86.ActiveCfg = Release|Win32
		{4D5344C6-6259-4CEF-9774-FB1A16E49107}.Release|x86.Build.0 = Release|Win32
		{CF115F41-082B-4611-B493-D72C37AD9DF7}.Debug|x64.ActiveCfg = Debug|x64
		{CF115F41-082B-4611-B493-D72C37AD9DF7}.Debug|x64.Build.0 = Debug|x64
		{CF115F41-082B-4611-B493-D72C37AD9DF7}.Debug|x86.ActiveCfg = Debug|Win32
		{CF115F41-082B-4611-B493-D72C37AD9DF7}.Debug|x86.Build.0 = Debug|Win32
		{CF115F41-082B-4611-B493-D72C37AD9DF7}.Release|x64.ActiveCfg = Release|x64
		{CF115F41-082B-4611-B493-D72C37AD9DF7}.Release|x64.Build.0 = Release|x64
		{CF115F41-082B-4611-B493-D72C37AD9DF7}.Release|x86.ActiveCfg = Release|Win32
		{CF115F41-082B-4611-B493-D72C37AD9DF7}.Release|x86.Build.0 = Release|Win32
		{336D2997-EF65-4843-AA24-1D5EA3F0E712}.Debug|x64.ActiveCfg = Debug|x64
		{336D2997-EF65-4843-AA24-1D5EA3F0E712}.Debug|x64.Build.0 = Debug|x64
		{336D2997-EF65-4843-AA24-1D5EA3F0E712}.Debug|x86.ActiveCfg = Debug|Win32
		{336D2997-EF65-4843-AA24-1D5EA3F0E712}.Debug|x86.Build.0 = Debug|Win32
		{336D2997-EF65-4843-AA24-1D5EA3F0E712}.Release|x64.ActiveCfg = Release|x64
		{336D2997-EF65-4843-AA24-1D5EA3F0E712}.Release|x64.Build.0 = Release|x64
		{336D2997-EF65-4843-AA24-1D5EA3F0E712}.Release|x86.ActiveCfg = Release|Win32
		{336D2997-EF65-4843-AA24-1D5EA3F0E712}.Release|x86.Build.0 = Release|Win32
		{7B611A9B-00FB-4D39-AD10-492278B5BE71}.Debug|x64.ActiveCfg = Debug|x64
		{7B611A9B-00FB-4D39-AD10-492278B5BE71}.Debug|x64.Build.0 = Debug|x64
		{7B611A9B-00FB-4D39-AD10-492278B5BE71}.Debug|x86.ActiveCfg = Debug|Win32
		{7B611A9B-00FB-4D39-AD10-492278B5BE71}.Debug|x86.Build.0 = Debug|Win32
		{7B611A9B-00FB-4D39-AD10-492278B5BE71}.Release|x64.ActiveCfg = Release|x64
		{7B611A9B-00FB-4D39-AD10-492278B5BE71}.Release|x64.Build.0 = Release|x64
		{7B611A9B-00FB-4D39-AD10-492278B5BE71}.Release|x86.ActiveCfg = Release|Win32
		{7B611A9B-00FB-4D39-AD10-492278B5BE71}.Release|x86.Build.0 = Release|Win32
		{143A0219-D29A-45AD-A154-08FECBE4A981}.Debug|x64.ActiveCfg = Debug|x64
		{143A0219-D29A-45AD-A154-08FECBE4A981}.Debug|x64.Build.0 = Debug|x64
		{143A0219-D29A-45AD-A154-08FECBE4A981}.Debug|x86.ActiveCfg = Debug|Win32
		{143A0219-D29A-45AD-A154-08FECBE4A981}.Debug|x86.Build.0 = Debug|Win32
		{143A0219-D29A-45AD-A154-08FECBE4A981}.Release|x64.ActiveCfg = Release|x64
		{143A0219-D29A-45AD-A154-08FECBE4A981}.Release|x64.Build.0 = Release|x64
		{143A0219-D29A-45AD-A154-08FECBE4A981}.Release|x86.ActiveCfg = Release|Win32
		{143A0219-D29A-45AD-A154-08FECBE4A981}.Release|x86.Build.0 = Release|Win32
		{1BFBAB49-BDDB-4A7B-A0B0-DF568A5630D0}.Debug|x64.ActiveCfg = Debug|x64
		{1BFBAB49-BDDB-4A7B-A0B0-DF568A5630D0}.Debug|x64.Build.0 = Debug|x64
		{1BFBAB49-BDDB-4A7B-A0B0-DF568A5630D0}.Debug|x86.ActiveCfg = Debug|Win32
		{1BFBAB49-BDDB-4A7B-A0B0-DF568A5630D0}.Debug|x86.Build.0 = Debug|Win32
		{1BFBAB49-BDDB-4A7B-A0B0-DF568A5630D0}.Release|x64.ActiveCfg = Release|x64
		{1BFBAB49-BDDB-4A7B-A0B0-DF568A5630D0}.Release|x64.Build.0 = Release|x64
		{1BFBAB49-BDDB-4A7B-A0B0-DF568A5630D0}.Release|x86.ActiveCfg = Release|Win32
		{1BFBAB49-BDDB-4A7B-A0B0-DF568A5630D0}.Release|x86.Build.0 = Release|Win32
		{022FCEF4-7169-484E-82B8-2354CB2A8B59}.Debug|x64.ActiveCfg = Debug|x64
		{022FCEF4-7169-484E-82B8-2354CB2A8B59}.Debug|x64.Build.0 = Debug|x64
		{022FCEF4-7169-484E-82B8-2354CB2A8B59}.Debug|x86.ActiveCfg = Debug|Win32
		{022FCEF4-7169-484E-82B8-2354CB2A8B59}.Debug|x86.Build.0 = Debug|Win32
		{022FCEF4-7169-484E-82B8-2354CB2A8B59}.Release|x64.ActiveCfg = Release|x64
		{022FCEF4-7169-484E-82B8-2354CB2A8B59}.Release|x64.Build.0 = Release|x64
		{022FCEF4-7169-484E-82B8-2354CB2A8B59}.Release|x86.ActiveCfg = Release|Win32
		{022FCEF4-7169-484E-82B8-2354CB2A8B59}.Release|x86.Build.0 = Release|Win32
		{CBF5294A-0E4B-4615-B323-6E2EB295057E}.Debug|x64.ActiveCfg = Debug|x64
		{CBF5294A-0E4B-4615-B323-6E2EB295057E}.Debug|x64.Build.0 = Debug|x64
		{CBF5294A-0E4B-4615-B323-6E2EB295057E}.Debug|x86.ActiveCfg = Debug|Win32
		{CBF5294A-0E4B-4615-B323-6E2EB295057E}.Debug|x86.Build.0 = Debug|Win32
		{CBF5294A-0E4B-4615-B323-6E2EB295057E}.Release|x64.ActiveCfg = Release|x64
		{CBF5294A-0E4B-4615-B323-6E2EB295057E}.Release|x64.Build.0 = Release|x64
		{CBF5294A-0E4B-4615-B323-6E2EB295057E}.Release|x86.ActiveCfg = Release|Win32
		{CBF5294A-0E4B-4615-B323-6E2EB295057E}.Release|x86.Build.0 = Release|Win32
		{5504C9F5-774F-4A85-80C2-DEF35FF14C73}.Debug|x64.ActiveCfg = Debug|x64
		{5504C9F5-774F-4A85-80C2-DEF35FF14C73}.Debug|x64.Build.0 = Debug|x64
		{5504C9F5-774F-4A85-80C2-DEF35FF14C73}.Debug|x86.ActiveCfg = Debug|Win32
		{5504C9F5-774F-4A85-80C2-DEF35FF14C73}.Debug|x86.Build.0 = Debug|Win32
		{5504C9F5-774F-4A85-80C2-DEF35FF14C73}.Release|x64.ActiveCfg = Release|x64
		{5504C9F5-774F-4A85-80C2-DEF35FF14C73}.Release|x64.Build.0 = Release|x64
		{5504C9F5-774F-4A85-80C2-DEF35FF14C73}.Release|x86.ActiveCfg = Release|Win32
		{5504C9F5-774F-4A85-80C2-DEF35FF14C73}.Release|x86.Build.0 = Release|Win32
		{7FA57F85-D785-4D0B-877D-FA9002399AD7}.Debug|x64.ActiveCfg = Debug|x64
		{7FA57F85-D785-4D0B-877D-FA9002399AD7}.Debug|x64.Build.0 = Debug|x64
		{7FA57F85-D785-4D0B-877D-FA9002399AD7}.Debug|x86.ActiveCfg = Debug|Win32
		{7FA57F85-D785-4D0B-877D-FA9002399AD7}.Debug|x86.Build.0 = Debug|Win32
		{7FA57F85-D785-4D0B-877D-FA9002399AD7}.Release|x64.ActiveCfg = Release|x64
		{7FA57F85-D785-4D0B-877D-FA9002399AD7}.Release|x64.Build.0 = Release|x64
		{7FA57F85-D785-4D0B-877D-FA9002399AD7}.Release|x86.ActiveCfg = Release|Win32
		{7FA57F85-D785-4D0B-877D-FA9002399AD7}.Release|x86.Build.0 = Release|Win32
		{AF6C4CDB-D14E-48B9-B563-0CE432C7C3C2}.Debug|x64.ActiveCfg = Debug|x64
		{AF6C4CDB-D14E-48B9-B563-0CE432C7C3C2}.Debug|x64.Build.0 = Debug|x64
		{AF6C4CDB-D14E-48B9-B563-0CE432C7C3C2}.Debug|x86.ActiveCfg = Debug|Win32
		{AF6C4CDB-D14E-48B9-B563-0CE432C7C3C2}.Debug|x86.Build.0 = Debug|Win32
		{AF6C4CDB-D14E-48B9-B563-0CE432C7C3C2}.Release|x64.ActiveCfg = Release|x64
		{AF6C4CDB-D14E-48B9-B563-0CE432C7C3C2}.Release|x64.Build.0 = Release|x64
		{AF6C4CDB-D14E-48B9-B563-0CE432C7C3C2}.Release|x86.ActiveCfg = Release|Win32
		{AF6C4CDB-D14E-48B9-B563-0CE432C7C3C2}.Release|x86.Build.0 = Release|Win32
		{18C06C7C-E2C8-49CB-8163-59D91B18C5BF}.Debug|x64.ActiveCfg = Debug|x64
		{18C06C7C-E2C8-49CB-8163-59D91B18C5BF}.Debug|x64.Build.0 = Debug|x64
		{18C06C7C-E2C8-49CB-8163-59D91B18C5BF}.Debug|x86.ActiveCfg = Debug|Win32
		{18C06C7C-E2C8-49CB-8163-59D91B18C5BF}.Debug|x86.Build.0 = Debug|Win32
		{18C06C7C-E2C8-49CB-8163-59D91B18C5BF}.Release|x64.ActiveCfg = Release|x64
		{18C06C7C-E2C8-49CB-8163-59D91B18C5BF}.Release|x64.Build.0 = Release|x64
		{18C06C7C-E2C8-49CB-8163-59D91B18C5BF}.Release|x86.ActiveCfg = Release|Win32
		{18C06C7C-E2C8-49CB-8163-59D91B18C5BF}.Release|x86.Build.0 = Release|Win32
		{54FAC274-DCA0-4A3E-A8AF-1DE0CFCFB533}.Debug|x64.ActiveCfg = Debug|x64
		{54FAC274-DCA0-4A3E-A8AF-1DE0CFCFB533}.Debug|x64.Build.0 = Debug|x64
		{54FAC274-DCA0-4A3E-A8AF-1DE0CFCFB533}.Debug|x86.ActiveCfg = Debug|Win32
		{54FAC274-DCA0-4A3E-A8AF-1DE0CFCFB533}.Debug|x86.Build.0 = Debug|Win32
		{54FAC274-DCA0-4A3E-A8AF-1DE0CFCFB533}.Release|x64.ActiveCfg = Release|x64
		{54FAC274-DCA0-4A3E-A8AF-1DE0CFCFB533}.Release|x64.Build.0 = Release|x64
		{54FAC274-DCA0-4A3E-A8AF-1DE0CFCFB533}.Release|x86.ActiveCfg = Release|Win32
		{54FAC274-DCA0-4A3E-A8AF-1DE0CFCFB533}.Release|x86.Build.0 = Release|Win32
		{95C08E39-359D-4E0F-AC2C-B0BAEFA9FCF4}.Debug|x64.ActiveCfg = Debug|x64
		{95C08E39-359D-4E0F-AC2C-B0BAEFA9FCF4}.Debug|x64.Build.0 = Debug|x64
		{95C08E39-359D-4E0F-AC2C-B0BAEFA9FCF4}.Debug|x86.ActiveCfg = Debug|Win32
		{95C08E39-359D-4E0F-AC2C-B0BAEFA9FCF4}.Debug|x86.Build.0 = Debug|Win32
		{95C08E39-359D-4E0F-AC2C-B0BAEFA9FCF4}.Release|x64.ActiveCfg = Release|x64
		{95C08E39-359D-4E0F-AC2C-B0BAEFA9FCF4}.Release|x64.Build.0 = Release|x64
		{95C08E39-359D-4E0F-AC2C-B0BAEFA9FCF4}.Release|x86.ActiveCfg = Release|Win32
		{95C08E39-359D-4E0F-AC2C-B0BAEFA9FCF4}.Release|x86.Build.0 = Release|Win32
		{64A01566-6334-4422-A7F4-1F64D846D632}.Debug|x64.ActiveCfg = Debug|x64
		{64A01566-6334-4422-A7F4-1F64D846D632}.Debug|x64.Build.0 = Debug|x64
		{64A01566-6334-4422-A7F4-1F64D846D632}.Debug|x86.ActiveCfg = Debug|Win32
		{64A01566-6334-4422-A7F4-1F64D846D632}.Debug|x86.Build.0 = Debug|Win32
		{64A01566-6334-4422-A7F4-1F64D846D632}.Release|x64.ActiveCfg = Release|x64
		{64A01566-6334-4422-A7F4-1F64D846D632}.Release|x64.Build.0 = Release|x64
		{64A01566-6334-4422-A7F4-1F64D846D632}.Release|x86.ActiveCfg = Release|Win32
		{64A01566-6334-4422-A7F4-1F64D846D632}.Release|x86.Build.0 = Release|Win32
		{35890D58-3F8B-4F62-AB22-C719B9A97AE9}.Debug|x64.ActiveCfg = Debug|x64
		{35890D58-3F8B-4F62-AB22-C719B9A97AE9}.Debug|x64.Build.0 = Debug|x64
		{35890D58-3F8B-4F62-AB22-C719B9A97AE9}.Debug|x86.ActiveCfg = Debug|Win32
		{35890D58-3F8B-4F62-AB22-C719B9A97AE9}.Debug|x86.Build.0 = Debug|Win32
		{35890D58-3F8B-4F62-AB22-C719B9A97AE9}.Release|x64.ActiveCfg = Release|x64
		{35890D58-3F8B-4F62-AB22-C719B9A97AE9}.Release|x64.Build.0 = Release|x64
		{35890D58-3F8B-4F62-AB22-C719B9A97AE9}.Release|x86.ActiveCfg = Release|Win32
		{35890D58-3F8B-4F62-AB22-C719B9A97AE9}.Release|x86.Build.0 = Release|Win32
		{AFE45004-0550-44FE-A8AF-28C4A02B9FC6}.Debug|x64.ActiveCfg = Debug|x64
		{AFE45004-0550-44FE-A8AF-28C4A02B9FC6}.Debug|x64.Build.0 = Debug|x64
		{AFE45004-0550-44FE-A8AF-28C4A02B9FC6}.Debug|x86.ActiveCfg = Debug|Win32
		{AFE45004-0550-44FE-A8AF-28C4A02B9FC6}.Debug|x86.Build.0 = Debug|Win32
		{AFE45004-0550-44FE-A8AF-28C4A02B9FC6}.Release|x64.ActiveCfg = Release|x64
		{AFE45004-0550-44FE-A8AF-28C4A02B9FC6}.Release|x64.Build.0 = Release|x64
		{AFE45004-0550-44FE-A8AF-28C4A02B9FC6}.Release|x86.ActiveCfg = Release|Win32
		{AFE45004-0550-44FE-A8AF-28C4A02B9FC6}.Release|x86.Build.0 = Release|Win32
		{62534C96-8F31-45D1-9A7A-26EA2B39AF33}.Debug|x64.ActiveCfg = Debug|x64
		{62534C96-8F31-45D1-9A7A-26EA2B39AF33}.Debug|x64.Build.0 = Debug|x64
		{62534C96-8F31-45D1-9A7A-26EA2B39AF33}.Debug|x86.ActiveCfg = Debug|Win32
		{62534C96-8F31-45D1-9A7A-26EA2B39AF33}.Debug|x86.Build.0 = Debug|Win32
		{62534C96-8F31-45D1-9A7A-26EA2B39AF33}.Release|x64.ActiveCfg = Release|x64
		{62534C96-8F31-45D1-9A7A-26EA2B39AF33}.Release|x64.Build.0 = Release|x64
		{62534C96-8F31-45D1-9A7A-26EA2B39AF33}.Release|x86.ActiveCfg = Release|Win32
		{62534C96-8F31-45D1-9A7A-26EA2B39AF33}.Release|x86.Build.0 = Release|Win32
		{753D96F4-FEFA-4FB4-B6A2-E4B9D7E9B5EB}.Debug|x64.ActiveCfg = Debug|x64
		{753D96F4-FEFA-4FB4-B6A2-E4B9D7E9B5EB}.Debug|x64.Build.0 = Debug|x64
		{753D96F4-FEFA-4FB4-B6A2-E4B9D7E9B5EB}.Debug|x86.ActiveCfg = Debug|Win32
		{753D96F4-FEFA-4FB4-B6A2-E4B9D7E9B5EB}.Debug|x86.Build.0 = Debug|Win32
		{753D96F4-FEFA-4FB4-B6A2-E4B9D7E9B5EB}.Release|x64.ActiveCfg = Release|x64
		{753D96F4-FEFA-4FB4-B6A2-E4B9D7E9B5EB}.Release|x64.Build.0 = Release|x64
		{753D96F4-FEFA-4FB4-B6A2-E4B9D7E9B5EB}.Release|x86.ActiveCfg = Release|Win32
		{753D96F4-FEFA-4FB4-B6A2-E4B9D7E9B5EB}.Release|x86.Build.0 = Release|Win32
		{B87A64D5-3DF3-49EB-A3BA-5197B4C5C240}.Debug|x64.ActiveCfg = Debug|x64
		{B87A64D5-3DF3-49EB-A3BA-5197B4C5C240}.Debug|x64.Build.0 = Debug|x64
		{B87A64D5-3DF3-49EB-A3BA-5197B4C5C240}.Debug|x86.ActiveCfg = Debug|Win32
		{B87A64D5-3DF3-49EB-A3BA-5197B4C5C240}.Debug|x86.Build.0 = Debug|Win32
		{B87A64D5-3DF3-49EB-A3BA-5197B4C5C240}.Release|x64.ActiveCfg = Release|x64
		{B87A64D5-3DF3-49EB-A3BA-5197B4C5C240}.Release|x64.Build.0 = Release|x64
		{B87A64D5-3DF3-49EB-A3BA-5197B4C5C240}.Release|x86.ActiveCfg = Release|Win32
		{B87A64D5-3DF3-49EB-A3BA-5197B4C5C240}.Release|x86.Build.0 = Release|Win32
		{B43D84EB-DDCE-4128-B8A1-93D3C77E1FB5}.Debug|x64.ActiveCfg = Debug|x64
		{B43D84EB-DDCE-4128-B8A1-93D3C77E1FB5}.Debug|x64.Build.0 = Debug|x64
		{B43D84EB-DDCE-4128-B8A1-93D3C77E1FB5}.Debug|x86.ActiveCfg = Debug|Win32
		{B43D84EB-DDCE-4128-B8A1-93D3C77E1FB5}.Debug|x86.Build.0 = Debug|Win32
		{B43D84EB-DDCE-4128-B8A1-93D3C77E1FB5}.Release|x64.ActiveCfg = Release|x64
		{B43D84EB-DDCE-4128-B8A1-93D3C77E1FB5}.Release|x64.Build.0 = Release|x64
		{B43D84EB-DDCE-4128-B8A1-93D3C77E1FB5}.Release|x86.ActiveCfg = Release|Win32
		{B43D84EB-DDCE-4128-B8A1-93D3C77E1FB5}.Release|x86.Build.0 = Release|Win32
		{B616D9C3-C411-429F-BB85-56204686DD25}.Debug|x64.ActiveCfg = Debug|x64
		{B616D9C3-C411-429F-BB85-56204686DD25}.Debug|x64.Build.0 = Debug|x64
		{B616D9C3-C411-429F-BB85-56204686DD25}.Debug|x86.ActiveCfg = Debug|Win32
		{B616D9C3-C411-429F-BB85-56204686DD25}.Debug|x86.Build.0 = Debug|Win32
		{B616D9C3-C411-429F-BB85-56204686DD25}.Release|x64.ActiveCfg = Release|x64
		{B616D9C3-C411-429F-BB85-56204686DD25}.Release|x64.Build.0 = Release|x64
		{B616D9C3-C411-429F-BB85-56204686DD25}.Release|x86.ActiveCfg = Release|Win32
		{B616D9C3-C411-429F-BB85-56204686DD25}.Release|x86.Build.0 = Release|Win32
		{80393FA7-1735-41E1-9308-934FF380670A}.Debug|x64.ActiveCfg = Debug|x64
		{80393FA7-1735-41E1-9308-934FF380670A}.Debug|x64.Build.0 = Debug|x64
		{80393FA7-1735-41E1-9308-934FF380670A}.Debug|x86.ActiveCfg = Debug|Win32
		{80393FA7-1735-41E1-9308-934FF380670A}.Debug|x86.Build.0 = Debug|Win32
		{80393FA7-1735-41E1-9308-934FF380670A}.Release|x64.ActiveCfg = Release|x64
		{80393FA7-1735-41E1-9308-934FF380670A}.Release|x64.Build.0 = Release|x64
		{80393FA7-1735-41E1-9308-934FF380670A}.Release|x86.ActiveCfg = Release|Win32
		{80393FA7-1735-41E1-9308-934FF380670A}.Release|x86.Build.0 = Release|Win32
		{1D25F2C1-AE4E-495F-BFE5-117D3D15D9DC}.Debug|x64.ActiveCfg = Debug|x64
		{1D25F2C1-AE4E-495F-BFE5-117D3D15D9DC}.Debug|x64.Build.0 = Debug|x64
		{1D25F2C1-AE4E-495F-BFE5-117D3D15D9DC}.Debug|x86.ActiveCfg = Debug|Win32
		{1D25F2C1-AE4E-495F-BFE5-117D3D15D9DC}.Debug|x86.Build.0 = Debug|Win32
		{1D25F2C1-AE4E-495F-BFE5-117D3D15D9DC}.Release|x64.ActiveCfg = Release|x64
		{1D25F2C1-AE4E-495F-BFE5-117D3D15D9DC}.Release|x64.Build.0 = Release|x64
		{1D25F2C1-AE4E-495F-BFE5-117D3D15D9DC}.Release|x86.ActiveCfg = Release|Win32
		{1D25F2C1-AE4E-495F-BFE5-117D3D15D9DC}.Release|x86.Build.0 = Release|Win32
		{912071C6-80E5-4BBD-9E24-A6942F140256}.Debug|x64.ActiveCfg = Debug|x64
		{912071C6-80E5-4BBD-9E24-A6942F140256}.Debug|x64.Build.0 = Debug|x64
		{912071C6-80E5-4BBD-9E24-A6942F140256}.Debug|x86.ActiveCfg = Debug|Win32
		{912071C6-80E5-4BBD-9E24-A6942F140256}.Debug|x86.Build.0 = Debug|Win32
		{912071C6-80E5-4BBD-9E24-A6942F140256}.Release|x64.ActiveCfg = Release|x64
		{912071C6-80E5-4BBD-9E24-A6942F140256}.Release|x64.Build.0 = Release|x64
		{912071C6-80E5-4BBD-9E24-A6942F140256}.Release|x86.ActiveCfg = Release|Win32
		{912071C6-80E5-4BBD-9E24-A6942F140256}.Release|x86.Build.0 = Release|Win32
		{E031E743-FD8C-437D-9F94-D79E1CB4F836}.Debug|x64.ActiveCfg = Debug|x64
		{E031E743-FD8C-437D-9F94-D79E1CB4F836}.Debug|x64.Build.0 = Debug|x64
		{E031E743-FD8C-437D-9F94-D79E1CB4F836}.Debug|x86.ActiveCfg = Debug|Win32
		{E031E743-FD8C-437D-9F94-D79E1CB4F836}.Debug|x86.Build.0 = Debug|Win32
		{E031E743-FD8C-437D-9F94-D79E1CB4F836}.Release|x64.ActiveCfg = Release|x64
		{E031E743-FD8C-437D-9F94-D79E1CB4F836}.Release|x64.Build.0 = Release|x64
		{E031E743-FD8C-437D-9F94-D79E1CB4F836}.Release|x86.ActiveCfg = Release|Win32
		{E031E743-FD8C-437D-9F94-D79E1CB4F836}.Release|x86.Build.0 = Release|Win32
		{2622C5F2-DB09-4CAE-820E-E7032EBB6D2F}.Debug|x64.ActiveCfg = Debug|x64
		{2622C5F2-DB09-4CAE-820E-E7032EBB6D2F}.Debug|x64.Build.0 = Debug|x64
		{2622C5F2-DB09-4CAE-820E-E7032EBB6D2F}.Debug|x86.ActiveCfg = Debug|Win32
		{2622C5F2-DB09-4CAE-820E-E7032EBB6D2F}.Debug|x86.Build.0 = Debug|Win32
		{2622C5F2-DB09-4CAE-820E-E7032EBB6D2F}.Release|x64.ActiveCfg = Release|x64
		{2622C5F2-DB09-4CAE-820E-E7032EBB6D2F}.Release|x64.Build.0 = Release|x64
		{2622C5F2-DB09-4CAE-820E-E7032EBB6D2F}.Release|x86.ActiveCfg = Release|Win32
		{2622C5F2-DB09-4CAE-820E-E7032EBB6D2F}.Release|x86.Build.0 = Release|Win32
		{C41AE79C-44E5-42F4-BA84-B8511224A24A}.Debug|x64.ActiveCfg = Debug|x64
		{C41AE79C-44E5-42F4-BA84-B8511224A24A}.Debug|x64.Build.0 = Debug|x64
		{C41AE79C-44E5-42F4-BA84-B8511224A24A}.Debug|x86.ActiveCfg = Debug|Win32
		{C41AE79C-44E5-42F4-BA84-B8511224A24A}.Debug|x86.Build.0 = Debug|Win32
		{C41AE79C-44E5-42F4-BA84-B8511224A24A}.Release|x64.ActiveCfg = Release|x64
		{C41AE79C-44E5-42F4-BA84-B8511224A24A}.Release|x64.Build.0 = Release|x64
		{C41AE79C-44E5-42F4-BA84-B8511224A24A}.Release|x86.ActiveCfg = Release|Win32
		{C41AE79C-44E5-42F4-BA84-B8511224A24A}.Release|x86.Build.0 = Release|Win32
		{9BD7874B-3951-49DC-B8CF-DB8FC234F047}.Debug|x64.ActiveCfg = Debug|x64
		{9BD7874B-3951-49DC-B8CF-DB8FC234F047}.Debug|x64.Build.0 = Debug|x64
		{9BD7874B-3951-49DC-B8CF-DB8FC234F047}.Debug|x86.ActiveCfg = Debug|Win32
		{9BD7874B-3951-49DC-B8CF-DB8FC234F047}.Debug|x86.Build.0 = Debug|Win32
		{9BD7874B-3951-49DC-B8CF-DB8FC234F047}.Release|x64.ActiveCfg = Release|x64
		{9BD7874B-3951-49DC-B8CF-DB8FC234F047}.Release|x64.Build.0 = Release|x64
		{9BD7874B-3951-49DC-B8CF-DB8FC234F047}.Release|x86.ActiveCfg = Release|Win32
		{9BD7874B-3951-49DC-B8CF-DB8FC234F047}.Release|x86.Build.0 = Release|Win32
		{669BBE2A-F82D-4DDD-80D4-28DD85B541DD}.Debug|x64.ActiveCfg = Debug|x64
		{669BBE2A-F82D-4DDD-80D4-28DD85B541DD}.Debug|x64.Build.0 = Debug|x64
		{669BBE2A-F82D-4DDD-80D4-28DD85B541DD}.Debug|x86.ActiveCfg = Debug|Win32
		{669BBE2A-F82D-4DDD-80D4-28DD85B541DD}.Debug|x86.Build.0 = Debug|Win32
		{669BBE2A-F82D-4DDD-80D4-28DD85B541DD}.Release|x64.ActiveCfg = Release|x64
		{669BBE2A-F82D-4DDD-80D4-28DD85B541DD}.Release|x64.Build.0 = Release|x64
		{669BBE2A-F82D-4DDD-80D4-28DD85B541DD}.Release|x86.ActiveCfg = Release|Win32
		{669BBE2A-F82D-4DDD-80D4-28DD85B541DD}.Release|x86.Build.0 = Release|Win32
		{95EA9471-D581-4899-9909-4369E333FBF0}.Debug|x64.ActiveCfg = Debug|x64
		{95EA9471-D581-4899-9909-4369E333FBF0}.Debug|x64.Build.0 = Debug|x64
		{95EA9471-D581-4899-9909-4369E333FBF0}.Debug|x86.ActiveCfg = Debug|Win32
		{95EA9471-D581-4899-9909-4369E333FBF0}.Debug|x86.Build.0 = Debug|Win32
		{95EA9471-D581-4899-9909-4369E333FBF0}.Release|x64.ActiveCfg = Release|x64
		{95EA9471-D581-4899-9909-4369E333FBF0}.Release|x64.Build.0 = Release|x64
		{95EA9471-D581-4899-9909-4369E333FBF0}.Release|x86.ActiveCfg = Release|Win32
		{95EA9471-D581-4899-9909-4369E333FBF0}.Release|x86.Build.0 = Release|Win32
		{98168806-3820-4B21-9ED6-6653C8DB9868}.Debug|x64.ActiveCfg = Debug|x64
		{98168806-3820-4B21-9ED6-6653C8DB9868}.Debug|x64.Build.0 = Debug|x64
		{98168806-3820-4B21-9ED6-6653C8DB9868}.Debug|x86.ActiveCfg = Debug|Win32
		{98168806-3820-4B21-9ED6-6653C8DB9868}.Debug|x86.Build.0 = Debug|Win32
		{98168806-3820-4B21-9ED6-6653C8DB9868}.Release|x64.ActiveCfg = Release|x64
		{98168806-3820-4B21-9ED6-6653C8DB9868}.Release|x64.Build.0 = Release|x64
		{98168806-3820-4B21-9ED6-6653C8DB9868}.Release|x86.ActiveCfg = Release|Win32
		{98168806-3820-4B21-9ED6-6653C8DB9868}.Release|x86.Build.0 = Release|Win32
		{9B6CD8EB-2173-4E9F-804C-A252370DA3FB}.Debug|x64.ActiveCfg = Debug|x64
		{9B6CD8EB-2173-4E9F-804C-A252370DA3FB}.Debug|x64.Build.0 = Debug|x64
		{9B6CD8EB-2173-4E9F-804C-A252370DA3FB}.Debug|x86.ActiveCfg = Debug|Win32
		{9B6CD8EB-2173-4E9F-804C-A252370DA3FB}.Debug|x86.Build.0 = Debug|Win32
		{9B6CD8EB-2173-4E9F-804C-A252370DA3FB}.Release|x64.ActiveCfg = Release|x64
		{9B6CD8EB-2173-4E9F-804C-A252370DA3FB}.Release|x64.Build.0 = Release|x64
		{9B6CD8EB-2173-4E9F-804C-A252370DA3FB}.Release|x86.ActiveCfg = Release|Win32
		{9B6CD8EB-2173-4E9F-804C-A252370DA3FB}.Release|x86.Build.0 = Release|Win32
		{51F66813-2793-44ED-B290-1333DD78E681}.Debug|x64.ActiveCfg = Debug|x64
		{51F66813-2793-44ED-B290-1333DD78E681}.Debug|x64.Build.0 = Debug|x64
		{51F66813-2793-44ED-B290-1333DD78E681}.Debug|x86.ActiveCfg = Debug|Win32
		{51F66813-2793-44ED-B290-1333DD78E681}.Debug|x86.Build.0 = Debug|Win32
		{51F66813-2793-44ED-B290-1333DD78E681}.Release|x64.ActiveCfg = Release|x64
		{51F66813-2793-44ED-B290-1333DD78E681}.Release|x64.Build.0 = Release|x64
		{51F66813-2793-44ED-B290-1333DD78E681}.Release|x86.ActiveCfg = Release|Win32
		{51F66813-2793-44ED-B290-1333DD78E681}.Release|x86.Build.0 = Release|Win32
		{B75A4BB5-F20C-451D-85DD-0B8810F809A4}.Debug|x64.ActiveCfg = Debug|x64
		{B75A4BB5-F20C-451D-85DD-0B8810F809A4}.Debug|x64.Build.0 = Debug|x64
		{B75A4BB5-F20C-451D-85DD-0B8810F809A4}.Debug|x86.ActiveCfg = Debug|Win32
		{B75A4BB5-F20C-451D-85DD-0B8810F809A4}.Debug|x86.Build.0 = Debug|Win32
		{B75A4BB5-F20C-451D-85DD-0B8810F809A4}.Release|x64.ActiveCfg = Release|x64
		{B75A4BB5-F20C-451D-85DD-0B8810F809A4}.Release|x64.Build.0 = Release|x64
		{B75A4BB5-F20C-451D-85DD-0B8810F809A4}.Release|x86.ActiveCfg = Release|Win32
		{B75A4BB5-F20C-451D-85DD-0B8810F809A4}.Release|x86.Build.0 = Release|Win32
		{76504F59-4B55-4647-8B45-2FADE0CCD9C2}.Debug|x64.ActiveCfg = Debug|x64
		{76504F59-4B55-4647-8B45-2FADE0CCD9C2}.Debug|x64.Build.0 = Debug|x64
		{76504F59-4B55-4647-8B45-2FADE0CCD9C2}.Debug|x86.ActiveCfg = Debug|Win32
		{76504F59-4B55-4647-8B45-2FADE0CCD9C2}.Debug|x86.Build.0 = Debug|Win32
		{76504F59-4B55-4647-8B45-2FADE0CCD9C2}.Release|x64.ActiveCfg = Release|x64
		{76504F59-4B55-4647-8B45-2FADE0CCD9C2}.Release|x64.Build.0 = Release|x64
		{76504F59-4B55-4647-8B45-2FADE0CCD9C2}.Release|x86.ActiveCfg = Release|Win32
		{76504F59-4B55-4647-8B45-2FADE0CCD9C2}.Release|x86.Build.0 = Release|Win32
		{163F5FB1-0638-4558-9F3D-77406C1718DC}.Debug|x64.ActiveCfg = Debug|x64
		{163F5FB1-0638-4558-9F3D-77406C1718DC}.Debug|x64.Build.0 = Debug|x64
		{163F5FB1-0638-4558-9F3D-77406C1718DC}.Debug|x86.ActiveCfg = Debug|Win32
		{163F5FB1-0638-4558-9F3D-77406C1718DC}.Debug|x86.Build.0 = Debug|Win32
		{163F5FB1-0638-4558-9F3D-77406C1718DC}.Release|x64.ActiveCfg = Release|x64
		{163F5FB1-0638-4558-9F3D-77406C1718DC}.Release|x64.Build.0 = Release|x64
		{163F5FB1-0638-4558-9F3D-77406C1718DC}.Release|x86.ActiveCfg = Release|Win32
		{163F5FB1-0638-4558-9F3D-77406C1718DC}.Release|x86.Build.0 = Release|Win32
		{0FA556EC-73CE-41F4-9DAF-77CDCA38B3EA}.Debug|x64.ActiveCfg = Debug|x64
		{0FA556EC-73CE-41F4-9DAF-77CDCA38B3EA}.Debug|x64.Build.0 = Debug|x64
		{0FA556EC-73CE-41F4-9DAF-77CDCA38B3EA}.Debug|x86.ActiveCfg = Debug|Win32
		{0FA556EC-73CE-41F4-9DAF-77CDCA38B3EA}.Debug|x86.Build.0 = Debug|Win32
		{0FA556EC-73CE-41F4-9DAF-77CDCA38B3EA}.Release|x64.ActiveCfg = Release|x64
		{0FA556EC-73CE-41F4-9DAF-77CDCA38B3EA}.Release|x64.Build.0 = Release|x64
		{0FA556EC-73CE-41F4-9DAF-77CDCA38B3EA}.Release|x86.ActiveCfg = Release|Win32
		{0FA556EC-73CE-41F4-9DAF-77CDCA38B3EA}.Release|x86.Build.0 = Release|Win32
		{078FF23C-F5E9-4879-9078-738B127AEC8A}.Debug|x64.ActiveCfg = Debug|x64
		{078FF23C-F5E9-4879-9078-738B127AEC8A}.Debug|x64.Build.0 = Debug|x64
		{078FF23C-F5E9-4879-9078-738B127AEC8A}.Debug|x86.ActiveCfg = Debug|Win32
		{078FF23C-F5E9-4879-9078-738B127AEC8A}.Debug|x86.Build.0 = Debug|Win32
		{078FF23C-F5E9-4879-9078-738B127AEC8A}.Release|x64.ActiveCfg = Release|x64
		{078FF23C-F5E9-4879-9078-738B127AEC8A}.Release|x64.Build.0 = Release|x64
		{078FF23C-F5E9-4879-9078-738B127AEC8A}.Release|x86.ActiveCfg = Release|Win32
		{078FF23C-F5E9-4879-9078-738B127AEC8A}.Release|x86.Build.0 = Release|Win32
		{F7E58351-3C90-4CD6-AD47-C569E1BF79B9}.Debug|x64.ActiveCfg = Debug|x64
		{F7E58351-3C90-4CD6-AD47-C569E1BF79B9}.Debug|x64.Build.0 = Debug|x64
		{F7E58351-3C90-4CD6-AD47-C569E1BF79B9}.Debug|x86.ActiveCfg = Debug|Win32
		{F7E58351-3C90-4CD6-AD47-C569E1BF79B9}.Debug|x86.Build.0 = Debug|Win32
		{F7E58351-3C90-4CD6-AD47-C569E1BF79B9}.Release|x64.ActiveCfg = Release|x64
		{F7E58351-3C90-4CD6-AD47-C569E1BF79B9}.Release|x64.Build.0 = Release|x64
		{F7E58351-3C90-4CD6-AD47-C569E1BF79B9}.Release|x86.ActiveCfg = Release|Win32
		{F7E58351-3C90-4CD6-AD47-C569E1BF79B9}.Release|x86.Build.0 = Release|Win32
		{7F11BF8D-8806-441C-B2AD-D8C0512EA5C8}.Debug|x64.ActiveCfg = Debug|x64
		{7F11BF8D-8806-441C-B2AD-D8C0512EA5C8}.Debug|x64.Build.0 = Debug|x64
		{7F11BF8D-8806-441C-B2AD-D8C0512EA5C8}.Debug|x86.ActiveCfg = Debug|Win32
		{7F11BF8D-8806-441C-B2AD-D8C0512EA5C8}.Debug|x86.Build.0 = Debug|Win32
		{7F11BF8D-8806-441C-B2AD-D8C0512EA5C8}.Release|x64.ActiveCfg = Release|x64
		{7F11BF8D-8806-441C-B2AD-D8C0512EA5C8}.Release|x64.Build.0 = Release|x64
		{7F11BF8D-8806-441C-B2AD-D8C0512EA5C8}.Release|x86.ActiveCfg = Release|Win32
		{7F11BF8D-8806-441C-B2AD-D8C0512EA5C8}.Release|x86.Build.0 = Release|Win32
		{B791C764-F79D-4ACB-B94D-F528C50967C0}.Debug|x64.ActiveCfg = Debug|x64
		{B791C764-F79D-4ACB-B94D-F528C50967C0}.Debug|x64.Build.0 = Debug|x64
		{B791C764-F79D-4ACB-B94D-F528C50967C0}.Debug|x86.ActiveCfg = Debug|Win32
		{B791C764-F79D-4ACB-B94D-F528C50967C0}.Debug|x86.Build.0 = Debug|Win32
		{B791C764-F79D-4ACB-B94D-F528C50967C0}.Release|x64.ActiveCfg = Release|x64
		{B791C764-F79D-4ACB-B94D-F528C50967C0}.Release|x64.Build.0 = Release|x64
		{B791C764-F79D-4ACB-B94D-F528C50967C0}.Release|x86.ActiveCfg = Release|Win32
		{B791C764-F79D-4ACB-B94D-F528C50967C0}.Release|x86.Build.0 = Release|Win32
		{4F6078F4-FAD5-4EE3-A9F4-BC2F406D4229}.Debug|x64.ActiveCfg = Debug|x64
		{4F6078F4-FAD5-4EE3-A9F4-BC2F406D4229}.Debug|x64.Build.0 = Debug|x64
		{4F6078F4-FAD5-4EE3-A9F4-BC2F406D4229}.Debug|x86.ActiveCfg = Debug|Win32
		{4F6078F4-FAD5-4EE3-A9F4-BC2F406D4229}.Debug|x86.Build.0 = Debug|Win32
		{4F6078F4-FAD5-4EE3-A9F4-BC2F406D4229}.Release|x64.ActiveCfg = Release|x64
		{4F6078F4-FAD5-4EE3-A9F4-BC2F406D4229}.Release|x64.Build.0 = Release|x64
		{4F6078F4-FAD5-4EE3-A9F4-BC2F406D4229}.Release|x86.ActiveCfg = Release|Win32
		{4F6078F4-FAD5-4EE3-A9F4-BC2F406D4229}.Release|x86.Build.0 = Release|Win32
		{577EBF6B-1559-4CF0-9C59-38D9203323DC}.Debug|x64.ActiveCfg = Debug|x64
		{577EBF6B-1559-4CF0-9C59-38D9203323DC}.Debug|x64.Build.0 = Debug|x64
		{577EBF6B-1559-4CF0-9C59-38D9203323DC}.Debug|x86.ActiveCfg = Debug|Win32
		{577EBF6B-1559-4CF0-9C59-38D9203323DC}.Debug|x86.Build.0 = Debug|Win32
		{577EBF6B-1559-4CF0-9C59-38D9203323DC}.Release|x64.ActiveCfg = Release|x64
		{577EBF6B-1559-4CF0-9C59-38D9203323DC}.Release|x64.Build.0 = Release|x64
		{577EBF6B-1559-4CF0-9C59-38D9203323DC}.Release|x86.ActiveCfg = Release|Win32
		{577EBF6B-1559-4CF0-9C59-38D9203323DC}.Release|x86.Build.0 = Release|Win32
		{EC6AB7FF-CFD7-44E6-9CBE-B163D571DDF3}.Debug|x64.ActiveCfg = Debug|x64
		{EC6AB7FF-CFD7-44E6-9CBE-B163D571DDF3}.Debug|x64.Build.0 = Debug|x64
		{EC6AB7FF-CFD7-44E6-9CBE-B163D571DDF3}.Debug|x86.ActiveCfg = Debug|Win32
		{EC6AB7FF-CFD7-44E6-9CBE-B163D571DDF3}.Debug|x86.Build.0 = Debug|Win32
		{EC6AB7FF-CFD7-44E6-9CBE-B163D571DDF3}.Release|x64.ActiveCfg = Release|x64
		{EC6AB7FF-CFD7-44E6-9CBE-B163D571DDF3}.Release|x64.Build.0 = Release|x64
		{EC6AB7FF-CFD7-44E6-9CBE-B163D571DDF3}.Release|x86.ActiveCfg = Release|Win32
		{EC6AB7FF-CFD7-44E6-9CBE-B163D571DDF3}.Release|x86.Build.0 = Release|Win32
		{C6116B3B-4B0A-4F76-9869-70BF391F8ACA}.Debug|x64.ActiveCfg = Debug|x64
		{C6116B3B-4B0A-4F76-9869-70BF391F8ACA}.Debug|x64.Build.0 = Debug|x64
		{C6116B3B-4B0A-4F76-9869-70BF391F8ACA}.Debug|x86.ActiveCfg = Debug|Win32
		{C6116B3B-4B0A-4F76-9869-70BF391F8ACA}.Debug|x86.Build.0 = Debug|Win32
		{C6116B3B-4B0A-4F76-9869-70BF391F8ACA}.Release|x64.ActiveCfg = Release|x64
		{C6116B3B-4B0A-4F76-9869-70BF391F8ACA}.Release|x64.Build.0 = Release|x64
		{C6116B3B-4B0A-4F76-9869-70BF391F8ACA}.Release|x86.ActiveCfg = Release|Win32
		{C6116B3B-4B0A-4F76-9869-70BF391F8ACA}.Release|x86.Build.0 = Release|Win32
		{1B691C9E-C3DD-43F5-886E-2FB31137BB90}.Debug|x64.ActiveCfg = Debug|x64
		{1B691C9E-C3DD-43F5-886E-2FB31137BB90}.Debug|x64.Build.0 = Debug|x64
		{1B691C9E-C3DD-43F5-886E-2FB31137BB90}.Debug|x86.ActiveCfg = Debug|Win32
		{1B691C9E-C3DD-43F5-886E-2FB31137BB90}.Debug|x86.Build.0 = Debug|Win32
		{1B691C9E-C3DD-43F5-886E-2FB31137BB90}.Release|x64.ActiveCfg = Release|x64
		{1B691C9E-C3DD-43F5-886E-2FB31137BB90}.Release|x64.Build.0 = Release|x64
		{1B691C9E-C3DD-43F5-886E-2FB31137BB90}.Release|x86.ActiveCfg = Release|Win32
		{1B691C9E-C3DD-43F5-886E-2FB31137BB90}.Release|x86.Build.0 = Release|Win32
		{93D0B665-0712-48D4-92AC-05D600BE3151}.Debug|x64.ActiveCfg = Debug|x64
		{93D0B665-0712-48D4-92AC-05D600BE3151}.Debug|x64.Build.0 = Debug|x64
		{93D0B665-0712-48D4-92AC-05D600BE3151}.Debug|x86.ActiveCfg = Debug|Win32
		{93D0B665-0712-48D4-92AC-05D600BE3151}.Debug|x86.Build.0 = Debug|Win32
		{93D0B665-0712-48D4-92AC-05D600BE3151}.Release|x64.ActiveCfg = Release|x64
		{93D0B665-0712-48D4-92AC-05D600BE3151}.Release|x64.Build.0 = Release|x64
		{93D0B665-0712-48D4-92AC-05D600BE3151}.Release|x86.ActiveCfg = Release|Win32
		{93D0B665-0712-48D4-92AC-05D600BE3151}.Release|x86.Build.0 = Release|Win32
	EndGlobalSection
	GlobalSection(SolutionProperties) = preSolution
		HideSolutionNode = FALSE
	EndGlobalSection
EndGlobal
